{
  "pins" : [
    {
      "identity" : "jensonkit",
      "kind" : "remoteSourceControl",
      "location" : "https://github.com/Indexing-Your-Heart/JensonKit",
      "state" : {
        "branch" : "root",
        "revision" : "b43391d788468fd5ee4f02d035b58bd6038256f6"
      }
    },
    {
      "identity" : "swift-syntax",
      "kind" : "remoteSourceControl",
      "location" : "https://github.com/apple/swift-syntax.git",
      "state" : {
        "revision" : "2e3c42cf38defd998c87ecfe8df138f925d22736",
        "version" : "509.0.0-swift-DEVELOPMENT-SNAPSHOT-2023-08-15-a"
      }
    }
  ],
  "version" : 2
}
