// !$*UTF8*$!
{
	archiveVersion = 1;
	classes = {
	};
	objectVersion = 56;
	objects = {

/* Begin PBXBuildFile section */
		95011E6C28C7796900E511F3 /* FontFamily.swift in Sources */ = {isa = PBXBuildFile; fileRef = 95011E6B28C7796900E511F3 /* FontFamily.swift */; };
		95011E6D28C77A4200E511F3 /* Salmon Serif 9 Bold.ttf in Resources */ = {isa = PBXBuildFile; fileRef = 950F6D0728C2757C007ACB53 /* Salmon Serif 9 Bold.ttf */; };
		95011E6E28C77A4200E511F3 /* Salmon Mono 9 Regular.ttf in Resources */ = {isa = PBXBuildFile; fileRef = 950F6D0828C2757C007ACB53 /* Salmon Mono 9 Regular.ttf */; };
		95011E6F28C77A4200E511F3 /* Salmon Sans 9 Regular.ttf in Resources */ = {isa = PBXBuildFile; fileRef = 950F6D0928C2757C007ACB53 /* Salmon Sans 9 Regular.ttf */; };
		95011E7128C77B1D00E511F3 /* Salmon Sans 9 Bold.ttf in Resources */ = {isa = PBXBuildFile; fileRef = 95011E7028C77B1300E511F3 /* Salmon Sans 9 Bold.ttf */; };
		95011E7328C77B9800E511F3 /* Salmon Serif 9 Regular.ttf in Resources */ = {isa = PBXBuildFile; fileRef = 95011E7228C77B9800E511F3 /* Salmon Serif 9 Regular.ttf */; };
		95069C64292C0B3200BFD8D2 /* PaintbrushSceneSolvedStateDelegate.swift in Sources */ = {isa = PBXBuildFile; fileRef = 95069C63292C0B3200BFD8D2 /* PaintbrushSceneSolvedStateDelegate.swift */; };
		95069C67292C0C9200BFD8D2 /* PaintbrushScene+PaintbrushSceneSolvedStateDelegate.swift in Sources */ = {isa = PBXBuildFile; fileRef = 95069C66292C0C9200BFD8D2 /* PaintbrushScene+PaintbrushSceneSolvedStateDelegate.swift */; };
		95069C69292C0CF400BFD8D2 /* PaintbrushSceneDelegate.swift in Sources */ = {isa = PBXBuildFile; fileRef = 95069C68292C0CF400BFD8D2 /* PaintbrushSceneDelegate.swift */; };
		950F634928E49C380018AB43 /* PaintbrushScene.swift in Sources */ = {isa = PBXBuildFile; fileRef = 950F634828E49C380018AB43 /* PaintbrushScene.swift */; };
		950F635228E5D7B60018AB43 /* Algorithms in Frameworks */ = {isa = PBXBuildFile; productRef = 950F635128E5D7B60018AB43 /* Algorithms */; };
		950F635528E62BC10018AB43 /* PaintbrushScene+Inputs.swift in Sources */ = {isa = PBXBuildFile; fileRef = 950F635428E62BC10018AB43 /* PaintbrushScene+Inputs.swift */; };
		950F6CE828C0EADA007ACB53 /* Assets.xcassets in Resources */ = {isa = PBXBuildFile; fileRef = 950F6CC228C0EADA007ACB53 /* Assets.xcassets */; };
		950F6CF828C13BDF007ACB53 /* GameSceneView.swift in Sources */ = {isa = PBXBuildFile; fileRef = 950F6CF728C13BDF007ACB53 /* GameSceneView.swift */; };
		950F6CFC28C13D6F007ACB53 /* Entrypoint.swift in Sources */ = {isa = PBXBuildFile; fileRef = 950F6CFB28C13D6F007ACB53 /* Entrypoint.swift */; };
		950F6CFE28C156A6007ACB53 /* Localizable.strings in Resources */ = {isa = PBXBuildFile; fileRef = 950F6CFD28C156A6007ACB53 /* Localizable.strings */; };
		950F6D0128C27442007ACB53 /* CranberrySprite in Frameworks */ = {isa = PBXBuildFile; productRef = 950F6D0028C27442007ACB53 /* CranberrySprite */; };
		950F6D0428C27489007ACB53 /* Bunker in Frameworks */ = {isa = PBXBuildFile; productRef = 950F6D0328C27489007ACB53 /* Bunker */; };
		9524434A28C781FB005F91E1 /* ContentView.swift in Sources */ = {isa = PBXBuildFile; fileRef = 9524434928C781FB005F91E1 /* ContentView.swift */; };
		9533175928D36A2900E6E516 /* SettingsView.swift in Sources */ = {isa = PBXBuildFile; fileRef = 9533175828D36A2900E6E516 /* SettingsView.swift */; };
		9533175C28D371E500E6E516 /* SettingsDebuggingView.swift in Sources */ = {isa = PBXBuildFile; fileRef = 9533175B28D371E500E6E516 /* SettingsDebuggingView.swift */; };
		9533176128D3787C00E6E516 /* ch01-mise-en-abyme.jenson in Resources */ = {isa = PBXBuildFile; fileRef = 9533176328D3787C00E6E516 /* ch01-mise-en-abyme.jenson */; };
		9533177028D3788C00E6E516 /* ch06-les-conseils-pour-les-jeunes.jenson in Resources */ = {isa = PBXBuildFile; fileRef = 9533177228D3788C00E6E516 /* ch06-les-conseils-pour-les-jeunes.jenson */; };
		9533177628D3789100E6E516 /* epilogue.jenson in Resources */ = {isa = PBXBuildFile; fileRef = 9533177828D3789100E6E516 /* epilogue.jenson */; };
		9534015A29104BC700D8268C /* ch07-un-fete-inoubliable.jenson in Resources */ = {isa = PBXBuildFile; fileRef = 9534015029104BC700D8268C /* ch07-un-fete-inoubliable.jenson */; };
		9534015B29104BC700D8268C /* ch04-un-jeu-maladroit.jenson in Resources */ = {isa = PBXBuildFile; fileRef = 9534015229104BC700D8268C /* ch04-un-jeu-maladroit.jenson */; };
		9534015C29104BC700D8268C /* ch02-ecouter-la-vague.jenson in Resources */ = {isa = PBXBuildFile; fileRef = 9534015429104BC700D8268C /* ch02-ecouter-la-vague.jenson */; };
		9534015D29104BC700D8268C /* ch05-souriez-si-vous-plait.jenson in Resources */ = {isa = PBXBuildFile; fileRef = 9534015629104BC700D8268C /* ch05-souriez-si-vous-plait.jenson */; };
		9534015E29104BC700D8268C /* ch03-la-subjectif-e.jenson in Resources */ = {isa = PBXBuildFile; fileRef = 9534015829104BC700D8268C /* ch03-la-subjectif-e.jenson */; };
		9538C70028E71DD900D506F0 /* Stage1.json in Resources */ = {isa = PBXBuildFile; fileRef = 9538C6FF28E71DD900D506F0 /* Stage1.json */; };
		9538C70928E724A500D506F0 /* SKColor+Hex.swift in Sources */ = {isa = PBXBuildFile; fileRef = 9538C70828E724A500D506F0 /* SKColor+Hex.swift */; };
		9538C70B28E7298200D506F0 /* SKShapeNode+Line.swift in Sources */ = {isa = PBXBuildFile; fileRef = 9538C70A28E7298200D506F0 /* SKShapeNode+Line.swift */; };
		9538C70D28E7370C00D506F0 /* SKAction+ColorizeStroke.swift in Sources */ = {isa = PBXBuildFile; fileRef = 9538C70C28E7370C00D506F0 /* SKAction+ColorizeStroke.swift */; };
		9538C71028E7551600D506F0 /* Stage1.sks in Resources */ = {isa = PBXBuildFile; fileRef = 9538C70F28E7551600D506F0 /* Stage1.sks */; };
		9538C71228E756BE00D506F0 /* PaintbrushDemoView.swift in Sources */ = {isa = PBXBuildFile; fileRef = 9538C71128E756BE00D506F0 /* PaintbrushDemoView.swift */; };
		9553E3412926780500B6C713 /* SKAudioNode+Volume.swift in Sources */ = {isa = PBXBuildFile; fileRef = 9553E3402926780500B6C713 /* SKAudioNode+Volume.swift */; };
		9553E3492926850800B6C713 /* amb_panel_presence.wav in Resources */ = {isa = PBXBuildFile; fileRef = 9553E3462926850800B6C713 /* amb_panel_presence.wav */; };
		9553E34A2926850800B6C713 /* amb_room_still.wav in Resources */ = {isa = PBXBuildFile; fileRef = 9553E3472926850800B6C713 /* amb_room_still.wav */; };
		9553E34B2926850800B6C713 /* sfx_panel_failure.wav in Resources */ = {isa = PBXBuildFile; fileRef = 9553E3482926850800B6C713 /* sfx_panel_failure.wav */; };
		9553E34D2926881400B6C713 /* sfx_panel_start.wav in Resources */ = {isa = PBXBuildFile; fileRef = 9553E34C2926881400B6C713 /* sfx_panel_start.wav */; };
		9553E34F2926893000B6C713 /* sfx_panel_end.wav in Resources */ = {isa = PBXBuildFile; fileRef = 9553E34E2926893000B6C713 /* sfx_panel_end.wav */; };
		9553E3512927C5E500B6C713 /* sfx_foot_wood.wav in Resources */ = {isa = PBXBuildFile; fileRef = 9553E3502927C5E500B6C713 /* sfx_foot_wood.wav */; };
		9564878D28EC756A00B4477D /* Paintbrush in Frameworks */ = {isa = PBXBuildFile; productRef = 9564878C28EC756A00B4477D /* Paintbrush */; };
		956B604128C7A2200031794C /* InfoPlist.strings in Resources */ = {isa = PBXBuildFile; fileRef = 956B604328C7A2200031794C /* InfoPlist.strings */; };
		956B604628C7A4730031794C /* AppDelegate.swift in Sources */ = {isa = PBXBuildFile; fileRef = 956B604528C7A4730031794C /* AppDelegate.swift */; };
		956B604E28C7B7480031794C /* Testbench.swift in Sources */ = {isa = PBXBuildFile; fileRef = 956B604D28C7B7480031794C /* Testbench.swift */; };
		956D7DC52914280A004F4A3C /* PaintbrushScene+PaintbrushProtractorSolver.swift in Sources */ = {isa = PBXBuildFile; fileRef = 956D7DC42914280A004F4A3C /* PaintbrushScene+PaintbrushProtractorSolver.swift */; };
		956D7DC929142A7D004F4A3C /* Stage1t.json in Resources */ = {isa = PBXBuildFile; fileRef = 956D7DC829142A7D004F4A3C /* Stage1t.json */; };
		95735C1A291BE7B1003947F5 /* TutorialSwipeAction.sks in Resources */ = {isa = PBXBuildFile; fileRef = 95735C19291BE7B1003947F5 /* TutorialSwipeAction.sks */; };
		95735C1D291C0A02003947F5 /* TutorialKeyLayout.sks in Resources */ = {isa = PBXBuildFile; fileRef = 95735C1C291C0A02003947F5 /* TutorialKeyLayout.sks */; };
		95735C1F291C125F003947F5 /* TutorialTouchLayout.sks in Resources */ = {isa = PBXBuildFile; fileRef = 95735C1E291C125F003947F5 /* TutorialTouchLayout.sks */; };
		95735C23291C1F16003947F5 /* TutorialSolveKeyLayout.sks in Resources */ = {isa = PBXBuildFile; fileRef = 95735C22291C1F16003947F5 /* TutorialSolveKeyLayout.sks */; };
		958857B529115C5700318735 /* GameFlowViewModel.swift in Sources */ = {isa = PBXBuildFile; fileRef = 958857B429115C5700318735 /* GameFlowViewModel.swift */; };
		958E090828F06786009E6AD9 /* Art_32x32.tsx in Resources */ = {isa = PBXBuildFile; fileRef = 958E090728F06786009E6AD9 /* Art_32x32.tsx */; };
		958E090A28F067B0009E6AD9 /* 7_Art_32x32.png in Resources */ = {isa = PBXBuildFile; fileRef = 958E090928F067B0009E6AD9 /* 7_Art_32x32.png */; };
		958E090C28F08695009E6AD9 /* SKTexture+URLInit.swift in Sources */ = {isa = PBXBuildFile; fileRef = 958E090B28F08695009E6AD9 /* SKTexture+URLInit.swift */; };
		958E090E28F0B1D3009E6AD9 /* GameFlow.json in Resources */ = {isa = PBXBuildFile; fileRef = 958E090D28F0B1D3009E6AD9 /* GameFlow.json */; };
		958E091128F0B20C009E6AD9 /* GameFlowConfiguration.swift in Sources */ = {isa = PBXBuildFile; fileRef = 958E091028F0B20C009E6AD9 /* GameFlowConfiguration.swift */; };
		9597E1EC291D5F8B00291AFD /* PaintbrushEmitter.sks in Resources */ = {isa = PBXBuildFile; fileRef = 9597E1EA291D5F8B00291AFD /* PaintbrushEmitter.sks */; };
		9597E1EF291D628E00291AFD /* EnvironmentBokeh.sks in Resources */ = {isa = PBXBuildFile; fileRef = 9597E1EE291D628E00291AFD /* EnvironmentBokeh.sks */; };
		95A9605628EB603700F05059 /* CGImage+Resizable.swift in Sources */ = {isa = PBXBuildFile; fileRef = 95A9605528EB603700F05059 /* CGImage+Resizable.swift */; };
		95A9605828EB61F600F05059 /* Bundle+InfoPlist.swift in Sources */ = {isa = PBXBuildFile; fileRef = 95A9605728EB61F600F05059 /* Bundle+InfoPlist.swift */; };
		95AD565E28EE20B500051144 /* SKTiled in Frameworks */ = {isa = PBXBuildFile; productRef = 95AD565D28EE20B500051144 /* SKTiled */; };
		95AD566128EE241400051144 /* GameEnvironment.swift in Sources */ = {isa = PBXBuildFile; fileRef = 95AD566028EE241400051144 /* GameEnvironment.swift */; };
		95AD566528EE246700051144 /* Generic_32x32.tsx in Resources */ = {isa = PBXBuildFile; fileRef = 95AD566228EE246700051144 /* Generic_32x32.tsx */; };
		95AD566628EE246700051144 /* Room_Builder.tsx in Resources */ = {isa = PBXBuildFile; fileRef = 95AD566328EE246700051144 /* Room_Builder.tsx */; };
		95AD566728EE246700051144 /* Stage1.tmx in Resources */ = {isa = PBXBuildFile; fileRef = 95AD566428EE246700051144 /* Stage1.tmx */; };
		95AD566A28EE25BD00051144 /* Room_Builder_32x32.png in Resources */ = {isa = PBXBuildFile; fileRef = 95AD566828EE25BD00051144 /* Room_Builder_32x32.png */; };
		95AD566B28EE25BD00051144 /* 1_Generic_32x32.png in Resources */ = {isa = PBXBuildFile; fileRef = 95AD566928EE25BD00051144 /* 1_Generic_32x32.png */; };
		95B7489228EDBA260013AFC7 /* CaslonScene+Caslon.swift in Sources */ = {isa = PBXBuildFile; fileRef = 95B7489128EDBA260013AFC7 /* CaslonScene+Caslon.swift */; };
		95B748A128EDD7FC0013AFC7 /* README.txt in Resources */ = {isa = PBXBuildFile; fileRef = 95B748A028EDD7FC0013AFC7 /* README.txt */; };
		95C4654729241F7F0061CB2C /* GameEnvironment+Puzzles.swift in Sources */ = {isa = PBXBuildFile; fileRef = 95C4654629241F7F0061CB2C /* GameEnvironment+Puzzles.swift */; };
		95C465512924336F0061CB2C /* SKLabelNode+Init.swift in Sources */ = {isa = PBXBuildFile; fileRef = 95C465502924336F0061CB2C /* SKLabelNode+Init.swift */; };
		95C46553292434D90061CB2C /* GameEnvironmentPuzzleDelegate.swift in Sources */ = {isa = PBXBuildFile; fileRef = 95C46552292434D90061CB2C /* GameEnvironmentPuzzleDelegate.swift */; };
		95C46555292436EB0061CB2C /* GameEnvironmentTutorialDelegate.swift in Sources */ = {isa = PBXBuildFile; fileRef = 95C46554292436EB0061CB2C /* GameEnvironmentTutorialDelegate.swift */; };
		95C46557292522180061CB2C /* GameEnvironmentCaslonDelegate.swift in Sources */ = {isa = PBXBuildFile; fileRef = 95C46556292522180061CB2C /* GameEnvironmentCaslonDelegate.swift */; };
		95C465592925228B0061CB2C /* GameEnvironment+Caslon.swift in Sources */ = {isa = PBXBuildFile; fileRef = 95C465582925228B0061CB2C /* GameEnvironment+Caslon.swift */; };
		95C4655C292523A90061CB2C /* GameEnvironment+Tutorial.swift in Sources */ = {isa = PBXBuildFile; fileRef = 95C4655B292523A90061CB2C /* GameEnvironment+Tutorial.swift */; };
		95C4655E292523F70061CB2C /* GameEnvironmentDelegate.swift in Sources */ = {isa = PBXBuildFile; fileRef = 95C4655D292523F70061CB2C /* GameEnvironmentDelegate.swift */; };
		95C46563292537300061CB2C /* Logging in Frameworks */ = {isa = PBXBuildFile; productRef = 95C46562292537300061CB2C /* Logging */; };
		95DB209028CFA9840079D624 /* ch02.md in Resources */ = {isa = PBXBuildFile; fileRef = 95DB208828CFA9840079D624 /* ch02.md */; };
		95DB209128CFA9840079D624 /* ch01.md in Resources */ = {isa = PBXBuildFile; fileRef = 95DB208928CFA9840079D624 /* ch01.md */; };
		95DB209228CFA9840079D624 /* ch07.md in Resources */ = {isa = PBXBuildFile; fileRef = 95DB208A28CFA9840079D624 /* ch07.md */; };
		95DB209328CFA9840079D624 /* ch05.md in Resources */ = {isa = PBXBuildFile; fileRef = 95DB208B28CFA9840079D624 /* ch05.md */; };
		95DB209428CFA9840079D624 /* ch03.md in Resources */ = {isa = PBXBuildFile; fileRef = 95DB208C28CFA9840079D624 /* ch03.md */; };
		95DB209528CFA9840079D624 /* ch06.md in Resources */ = {isa = PBXBuildFile; fileRef = 95DB208D28CFA9840079D624 /* ch06.md */; };
		95DB209628CFA9840079D624 /* ch04.md in Resources */ = {isa = PBXBuildFile; fileRef = 95DB208E28CFA9840079D624 /* ch04.md */; };
		95DB209728CFA9840079D624 /* epilogue.md in Resources */ = {isa = PBXBuildFile; fileRef = 95DB208F28CFA9840079D624 /* epilogue.md */; };
		95E4F61928EC86BD009627F6 /* Caslon in Frameworks */ = {isa = PBXBuildFile; productRef = 95E4F61828EC86BD009627F6 /* Caslon */; };
		95E4F61C28EC8B27009627F6 /* PaintbrushScene+Solving.swift in Sources */ = {isa = PBXBuildFile; fileRef = 95E4F61B28EC8B27009627F6 /* PaintbrushScene+Solving.swift */; };
		95E4F61F28EC9C61009627F6 /* Caslon Scene.sks in Resources */ = {isa = PBXBuildFile; fileRef = 95E4F61E28EC9C61009627F6 /* Caslon Scene.sks */; };
		95E4F62128EC9CD9009627F6 /* CaslonScene.swift in Sources */ = {isa = PBXBuildFile; fileRef = 95E4F62028EC9CD9009627F6 /* CaslonScene.swift */; };
		95E4F62428ECA05C009627F6 /* CaslonSceneView.swift in Sources */ = {isa = PBXBuildFile; fileRef = 95E4F62328ECA05B009627F6 /* CaslonSceneView.swift */; };
		95E4F62728ECAE24009627F6 /* CaslonScene+Inputs.swift in Sources */ = {isa = PBXBuildFile; fileRef = 95E4F62628ECAE24009627F6 /* CaslonScene+Inputs.swift */; };
		95E97AAA28EC783400C9B71C /* PaintbrushSolverError+LocalizedError.swift in Sources */ = {isa = PBXBuildFile; fileRef = 95E97AA928EC783400C9B71C /* PaintbrushSolverError+LocalizedError.swift */; };
		95FC94EA2922BD8B00623FA1 /* GameEnvironmentPlayer.plist in Resources */ = {isa = PBXBuildFile; fileRef = 95FC94E82922BD8B00623FA1 /* GameEnvironmentPlayer.plist */; };
		95FC94EB2922BD8B00623FA1 /* GameEnvironmentPlayer.1.png in Resources */ = {isa = PBXBuildFile; fileRef = 95FC94E92922BD8B00623FA1 /* GameEnvironmentPlayer.1.png */; };
		95FC94EF2922C30700623FA1 /* GameEnvironmentPlayerAtlas.swift in Sources */ = {isa = PBXBuildFile; fileRef = 95FC94EE2922C30700623FA1 /* GameEnvironmentPlayerAtlas.swift */; };
		95FC94F12922CECD00623FA1 /* GameEnvironmentNavigationDelegate.swift in Sources */ = {isa = PBXBuildFile; fileRef = 95FC94F02922CECD00623FA1 /* GameEnvironmentNavigationDelegate.swift */; };
		95FC94F32922CF3800623FA1 /* GameEnvironment+Navigation.swift in Sources */ = {isa = PBXBuildFile; fileRef = 95FC94F22922CF3800623FA1 /* GameEnvironment+Navigation.swift */; };
		95FFC8FB28EF3A2D009D1A15 /* GamePlayer.swift in Sources */ = {isa = PBXBuildFile; fileRef = 95FFC8FA28EF3A2D009D1A15 /* GamePlayer.swift */; };
		95FFC8FD28EF697E009D1A15 /* GameEnvironmentState.swift in Sources */ = {isa = PBXBuildFile; fileRef = 95FFC8FC28EF697E009D1A15 /* GameEnvironmentState.swift */; };
		95FFC8FF28EF740B009D1A15 /* GameEnvironment+Inputs.swift in Sources */ = {isa = PBXBuildFile; fileRef = 95FFC8FE28EF740B009D1A15 /* GameEnvironment+Inputs.swift */; };
/* End PBXBuildFile section */

/* Begin PBXContainerItemProxy section */
		956B604F28C7B7480031794C /* PBXContainerItemProxy */ = {
			isa = PBXContainerItemProxy;
			containerPortal = 950F6CBA28C0EAD8007ACB53 /* Project object */;
			proxyType = 1;
			remoteGlobalIDString = 950F6CC628C0EADA007ACB53;
			remoteInfo = "Indexing Your Heart";
		};
/* End PBXContainerItemProxy section */

/* Begin PBXFileReference section */
		95011E6B28C7796900E511F3 /* FontFamily.swift */ = {isa = PBXFileReference; lastKnownFileType = sourcecode.swift; path = FontFamily.swift; sourceTree = "<group>"; };
		95011E7028C77B1300E511F3 /* Salmon Sans 9 Bold.ttf */ = {isa = PBXFileReference; lastKnownFileType = file; path = "Salmon Sans 9 Bold.ttf"; sourceTree = "<group>"; };
		95011E7228C77B9800E511F3 /* Salmon Serif 9 Regular.ttf */ = {isa = PBXFileReference; lastKnownFileType = file; path = "Salmon Serif 9 Regular.ttf"; sourceTree = "<group>"; };
		95069C63292C0B3200BFD8D2 /* PaintbrushSceneSolvedStateDelegate.swift */ = {isa = PBXFileReference; lastKnownFileType = sourcecode.swift; path = PaintbrushSceneSolvedStateDelegate.swift; sourceTree = "<group>"; };
		95069C66292C0C9200BFD8D2 /* PaintbrushScene+PaintbrushSceneSolvedStateDelegate.swift */ = {isa = PBXFileReference; lastKnownFileType = sourcecode.swift; path = "PaintbrushScene+PaintbrushSceneSolvedStateDelegate.swift"; sourceTree = "<group>"; };
		95069C68292C0CF400BFD8D2 /* PaintbrushSceneDelegate.swift */ = {isa = PBXFileReference; lastKnownFileType = sourcecode.swift; path = PaintbrushSceneDelegate.swift; sourceTree = "<group>"; };
		950F634828E49C380018AB43 /* PaintbrushScene.swift */ = {isa = PBXFileReference; lastKnownFileType = sourcecode.swift; path = PaintbrushScene.swift; sourceTree = "<group>"; };
		950F635428E62BC10018AB43 /* PaintbrushScene+Inputs.swift */ = {isa = PBXFileReference; lastKnownFileType = sourcecode.swift; path = "PaintbrushScene+Inputs.swift"; sourceTree = "<group>"; };
		950F6CC228C0EADA007ACB53 /* Assets.xcassets */ = {isa = PBXFileReference; lastKnownFileType = folder.assetcatalog; path = Assets.xcassets; sourceTree = "<group>"; };
		950F6CC728C0EADA007ACB53 /* Indexing Your Heart.app */ = {isa = PBXFileReference; explicitFileType = wrapper.application; includeInIndex = 0; path = "Indexing Your Heart.app"; sourceTree = BUILT_PRODUCTS_DIR; };
		950F6CE128C0EADA007ACB53 /* Indexing_Your_Heart_macOS.entitlements */ = {isa = PBXFileReference; lastKnownFileType = text.plist.entitlements; path = Indexing_Your_Heart_macOS.entitlements; sourceTree = "<group>"; };
		950F6CF728C13BDF007ACB53 /* GameSceneView.swift */ = {isa = PBXFileReference; lastKnownFileType = sourcecode.swift; path = GameSceneView.swift; sourceTree = "<group>"; };
		950F6CFB28C13D6F007ACB53 /* Entrypoint.swift */ = {isa = PBXFileReference; lastKnownFileType = sourcecode.swift; path = Entrypoint.swift; sourceTree = "<group>"; };
		950F6CFD28C156A6007ACB53 /* Localizable.strings */ = {isa = PBXFileReference; lastKnownFileType = text.plist.strings; path = Localizable.strings; sourceTree = "<group>"; };
		950F6D0728C2757C007ACB53 /* Salmon Serif 9 Bold.ttf */ = {isa = PBXFileReference; lastKnownFileType = file; path = "Salmon Serif 9 Bold.ttf"; sourceTree = "<group>"; };
		950F6D0828C2757C007ACB53 /* Salmon Mono 9 Regular.ttf */ = {isa = PBXFileReference; lastKnownFileType = file; path = "Salmon Mono 9 Regular.ttf"; sourceTree = "<group>"; };
		950F6D0928C2757C007ACB53 /* Salmon Sans 9 Regular.ttf */ = {isa = PBXFileReference; lastKnownFileType = file; path = "Salmon Sans 9 Regular.ttf"; sourceTree = "<group>"; };
		9524434928C781FB005F91E1 /* ContentView.swift */ = {isa = PBXFileReference; lastKnownFileType = sourcecode.swift; path = ContentView.swift; sourceTree = "<group>"; };
		9533175828D36A2900E6E516 /* SettingsView.swift */ = {isa = PBXFileReference; lastKnownFileType = sourcecode.swift; path = SettingsView.swift; sourceTree = "<group>"; };
		9533175B28D371E500E6E516 /* SettingsDebuggingView.swift */ = {isa = PBXFileReference; lastKnownFileType = sourcecode.swift; path = SettingsDebuggingView.swift; sourceTree = "<group>"; };
		9533176228D3787C00E6E516 /* Base */ = {isa = PBXFileReference; lastKnownFileType = text; name = Base; path = "Base.lproj/ch01-mise-en-abyme.jenson"; sourceTree = "<group>"; };
		9533177128D3788C00E6E516 /* Base */ = {isa = PBXFileReference; lastKnownFileType = text; name = Base; path = "Base.lproj/ch06-les-conseils-pour-les-jeunes.jenson"; sourceTree = "<group>"; };
		9533177728D3789100E6E516 /* Base */ = {isa = PBXFileReference; lastKnownFileType = text; name = Base; path = Base.lproj/epilogue.jenson; sourceTree = "<group>"; };
		9534015129104BC700D8268C /* Base */ = {isa = PBXFileReference; lastKnownFileType = text; name = Base; path = "Base.lproj/ch07-un-fete-inoubliable.jenson"; sourceTree = "<group>"; };
		9534015329104BC700D8268C /* Base */ = {isa = PBXFileReference; lastKnownFileType = text; name = Base; path = "Base.lproj/ch04-un-jeu-maladroit.jenson"; sourceTree = "<group>"; };
		9534015529104BC700D8268C /* Base */ = {isa = PBXFileReference; lastKnownFileType = text; name = Base; path = "Base.lproj/ch02-ecouter-la-vague.jenson"; sourceTree = "<group>"; };
		9534015729104BC700D8268C /* Base */ = {isa = PBXFileReference; lastKnownFileType = text; name = Base; path = "Base.lproj/ch05-souriez-si-vous-plait.jenson"; sourceTree = "<group>"; };
		9534015929104BC700D8268C /* Base */ = {isa = PBXFileReference; lastKnownFileType = text; name = Base; path = "Base.lproj/ch03-la-subjectif-e.jenson"; sourceTree = "<group>"; };
		9538C6FF28E71DD900D506F0 /* Stage1.json */ = {isa = PBXFileReference; lastKnownFileType = text.json; path = Stage1.json; sourceTree = "<group>"; };
		9538C70828E724A500D506F0 /* SKColor+Hex.swift */ = {isa = PBXFileReference; lastKnownFileType = sourcecode.swift; path = "SKColor+Hex.swift"; sourceTree = "<group>"; };
		9538C70A28E7298200D506F0 /* SKShapeNode+Line.swift */ = {isa = PBXFileReference; lastKnownFileType = sourcecode.swift; path = "SKShapeNode+Line.swift"; sourceTree = "<group>"; };
		9538C70C28E7370C00D506F0 /* SKAction+ColorizeStroke.swift */ = {isa = PBXFileReference; lastKnownFileType = sourcecode.swift; path = "SKAction+ColorizeStroke.swift"; sourceTree = "<group>"; };
		9538C70F28E7551600D506F0 /* Stage1.sks */ = {isa = PBXFileReference; lastKnownFileType = file.sks; path = Stage1.sks; sourceTree = "<group>"; };
		9538C71128E756BE00D506F0 /* PaintbrushDemoView.swift */ = {isa = PBXFileReference; lastKnownFileType = sourcecode.swift; path = PaintbrushDemoView.swift; sourceTree = "<group>"; };
		9553E3402926780500B6C713 /* SKAudioNode+Volume.swift */ = {isa = PBXFileReference; lastKnownFileType = sourcecode.swift; path = "SKAudioNode+Volume.swift"; sourceTree = "<group>"; };
		9553E3462926850800B6C713 /* amb_panel_presence.wav */ = {isa = PBXFileReference; lastKnownFileType = audio.wav; path = amb_panel_presence.wav; sourceTree = "<group>"; };
		9553E3472926850800B6C713 /* amb_room_still.wav */ = {isa = PBXFileReference; lastKnownFileType = audio.wav; path = amb_room_still.wav; sourceTree = "<group>"; };
		9553E3482926850800B6C713 /* sfx_panel_failure.wav */ = {isa = PBXFileReference; lastKnownFileType = audio.wav; path = sfx_panel_failure.wav; sourceTree = "<group>"; };
		9553E34C2926881400B6C713 /* sfx_panel_start.wav */ = {isa = PBXFileReference; lastKnownFileType = audio.wav; path = sfx_panel_start.wav; sourceTree = "<group>"; };
		9553E34E2926893000B6C713 /* sfx_panel_end.wav */ = {isa = PBXFileReference; lastKnownFileType = audio.wav; path = sfx_panel_end.wav; sourceTree = "<group>"; };
		9553E3502927C5E500B6C713 /* sfx_foot_wood.wav */ = {isa = PBXFileReference; lastKnownFileType = audio.wav; path = sfx_foot_wood.wav; sourceTree = "<group>"; };
		9564878A28EC755400B4477D /* Paintbrush */ = {isa = PBXFileReference; lastKnownFileType = wrapper; name = Paintbrush; path = ../Paintbrush; sourceTree = "<group>"; };
		956B604228C7A2200031794C /* en */ = {isa = PBXFileReference; lastKnownFileType = text.plist.strings; name = en; path = en.lproj/InfoPlist.strings; sourceTree = "<group>"; };
		956B604528C7A4730031794C /* AppDelegate.swift */ = {isa = PBXFileReference; lastKnownFileType = sourcecode.swift; path = AppDelegate.swift; sourceTree = "<group>"; };
		956B604B28C7B7480031794C /* Testbench.xctest */ = {isa = PBXFileReference; explicitFileType = wrapper.cfbundle; includeInIndex = 0; path = Testbench.xctest; sourceTree = BUILT_PRODUCTS_DIR; };
		956B604D28C7B7480031794C /* Testbench.swift */ = {isa = PBXFileReference; lastKnownFileType = sourcecode.swift; path = Testbench.swift; sourceTree = "<group>"; };
		956D7DC42914280A004F4A3C /* PaintbrushScene+PaintbrushProtractorSolver.swift */ = {isa = PBXFileReference; lastKnownFileType = sourcecode.swift; path = "PaintbrushScene+PaintbrushProtractorSolver.swift"; sourceTree = "<group>"; };
		956D7DC829142A7D004F4A3C /* Stage1t.json */ = {isa = PBXFileReference; lastKnownFileType = text.json; path = Stage1t.json; sourceTree = "<group>"; };
		95735C19291BE7B1003947F5 /* TutorialSwipeAction.sks */ = {isa = PBXFileReference; lastKnownFileType = file.sks; path = TutorialSwipeAction.sks; sourceTree = "<group>"; };
		95735C1C291C0A02003947F5 /* TutorialKeyLayout.sks */ = {isa = PBXFileReference; lastKnownFileType = file.sks; path = TutorialKeyLayout.sks; sourceTree = "<group>"; };
		95735C1E291C125F003947F5 /* TutorialTouchLayout.sks */ = {isa = PBXFileReference; lastKnownFileType = file.sks; path = TutorialTouchLayout.sks; sourceTree = "<group>"; };
		95735C22291C1F16003947F5 /* TutorialSolveKeyLayout.sks */ = {isa = PBXFileReference; lastKnownFileType = file.sks; path = TutorialSolveKeyLayout.sks; sourceTree = "<group>"; };
		958857B429115C5700318735 /* GameFlowViewModel.swift */ = {isa = PBXFileReference; lastKnownFileType = sourcecode.swift; path = GameFlowViewModel.swift; sourceTree = "<group>"; };
		958E090728F06786009E6AD9 /* Art_32x32.tsx */ = {isa = PBXFileReference; fileEncoding = 4; lastKnownFileType = text.xml; path = Art_32x32.tsx; sourceTree = "<group>"; };
		958E090928F067B0009E6AD9 /* 7_Art_32x32.png */ = {isa = PBXFileReference; lastKnownFileType = image.png; path = 7_Art_32x32.png; sourceTree = "<group>"; };
		958E090B28F08695009E6AD9 /* SKTexture+URLInit.swift */ = {isa = PBXFileReference; lastKnownFileType = sourcecode.swift; path = "SKTexture+URLInit.swift"; sourceTree = "<group>"; };
		958E090D28F0B1D3009E6AD9 /* GameFlow.json */ = {isa = PBXFileReference; lastKnownFileType = text.json; path = GameFlow.json; sourceTree = "<group>"; };
		958E091028F0B20C009E6AD9 /* GameFlowConfiguration.swift */ = {isa = PBXFileReference; lastKnownFileType = sourcecode.swift; path = GameFlowConfiguration.swift; sourceTree = "<group>"; };
		9597E1EA291D5F8B00291AFD /* PaintbrushEmitter.sks */ = {isa = PBXFileReference; lastKnownFileType = file.sks; path = PaintbrushEmitter.sks; sourceTree = "<group>"; };
		9597E1EE291D628E00291AFD /* EnvironmentBokeh.sks */ = {isa = PBXFileReference; lastKnownFileType = file.sks; path = EnvironmentBokeh.sks; sourceTree = "<group>"; };
		95A9605528EB603700F05059 /* CGImage+Resizable.swift */ = {isa = PBXFileReference; fileEncoding = 4; lastKnownFileType = sourcecode.swift; path = "CGImage+Resizable.swift"; sourceTree = "<group>"; };
		95A9605728EB61F600F05059 /* Bundle+InfoPlist.swift */ = {isa = PBXFileReference; lastKnownFileType = sourcecode.swift; path = "Bundle+InfoPlist.swift"; sourceTree = "<group>"; };
		95AD566028EE241400051144 /* GameEnvironment.swift */ = {isa = PBXFileReference; lastKnownFileType = sourcecode.swift; path = GameEnvironment.swift; sourceTree = "<group>"; };
		95AD566228EE246700051144 /* Generic_32x32.tsx */ = {isa = PBXFileReference; fileEncoding = 4; lastKnownFileType = text.xml; path = Generic_32x32.tsx; sourceTree = "<group>"; };
		95AD566328EE246700051144 /* Room_Builder.tsx */ = {isa = PBXFileReference; fileEncoding = 4; lastKnownFileType = text.xml; path = Room_Builder.tsx; sourceTree = "<group>"; };
		95AD566428EE246700051144 /* Stage1.tmx */ = {isa = PBXFileReference; fileEncoding = 4; lastKnownFileType = text.xml; path = Stage1.tmx; sourceTree = "<group>"; };
		95AD566828EE25BD00051144 /* Room_Builder_32x32.png */ = {isa = PBXFileReference; lastKnownFileType = image.png; path = Room_Builder_32x32.png; sourceTree = "<group>"; };
		95AD566928EE25BD00051144 /* 1_Generic_32x32.png */ = {isa = PBXFileReference; lastKnownFileType = image.png; path = 1_Generic_32x32.png; sourceTree = "<group>"; };
		95B7489128EDBA260013AFC7 /* CaslonScene+Caslon.swift */ = {isa = PBXFileReference; lastKnownFileType = sourcecode.swift; path = "CaslonScene+Caslon.swift"; sourceTree = "<group>"; };
		95B748A028EDD7FC0013AFC7 /* README.txt */ = {isa = PBXFileReference; lastKnownFileType = text; path = README.txt; sourceTree = "<group>"; };
		95BCB92728C282E0004AFDA3 /* Indexing-Your-Heart-Info.plist */ = {isa = PBXFileReference; lastKnownFileType = text.plist; path = "Indexing-Your-Heart-Info.plist"; sourceTree = "<group>"; };
		95BCB92828C28330004AFDA3 /* Indexing Your Heart.entitlements */ = {isa = PBXFileReference; lastKnownFileType = text.plist.entitlements; path = "Indexing Your Heart.entitlements"; sourceTree = "<group>"; };
		95C4654629241F7F0061CB2C /* GameEnvironment+Puzzles.swift */ = {isa = PBXFileReference; lastKnownFileType = sourcecode.swift; path = "GameEnvironment+Puzzles.swift"; sourceTree = "<group>"; };
		95C465502924336F0061CB2C /* SKLabelNode+Init.swift */ = {isa = PBXFileReference; lastKnownFileType = sourcecode.swift; path = "SKLabelNode+Init.swift"; sourceTree = "<group>"; };
		95C46552292434D90061CB2C /* GameEnvironmentPuzzleDelegate.swift */ = {isa = PBXFileReference; lastKnownFileType = sourcecode.swift; path = GameEnvironmentPuzzleDelegate.swift; sourceTree = "<group>"; };
		95C46554292436EB0061CB2C /* GameEnvironmentTutorialDelegate.swift */ = {isa = PBXFileReference; lastKnownFileType = sourcecode.swift; path = GameEnvironmentTutorialDelegate.swift; sourceTree = "<group>"; };
		95C46556292522180061CB2C /* GameEnvironmentCaslonDelegate.swift */ = {isa = PBXFileReference; lastKnownFileType = sourcecode.swift; path = GameEnvironmentCaslonDelegate.swift; sourceTree = "<group>"; };
		95C465582925228B0061CB2C /* GameEnvironment+Caslon.swift */ = {isa = PBXFileReference; lastKnownFileType = sourcecode.swift; path = "GameEnvironment+Caslon.swift"; sourceTree = "<group>"; };
		95C4655B292523A90061CB2C /* GameEnvironment+Tutorial.swift */ = {isa = PBXFileReference; lastKnownFileType = sourcecode.swift; path = "GameEnvironment+Tutorial.swift"; sourceTree = "<group>"; };
		95C4655D292523F70061CB2C /* GameEnvironmentDelegate.swift */ = {isa = PBXFileReference; lastKnownFileType = sourcecode.swift; path = GameEnvironmentDelegate.swift; sourceTree = "<group>"; };
		95DB208828CFA9840079D624 /* ch02.md */ = {isa = PBXFileReference; fileEncoding = 4; lastKnownFileType = net.daringfireball.markdown; path = ch02.md; sourceTree = "<group>"; };
		95DB208928CFA9840079D624 /* ch01.md */ = {isa = PBXFileReference; fileEncoding = 4; lastKnownFileType = net.daringfireball.markdown; path = ch01.md; sourceTree = "<group>"; };
		95DB208A28CFA9840079D624 /* ch07.md */ = {isa = PBXFileReference; fileEncoding = 4; lastKnownFileType = net.daringfireball.markdown; path = ch07.md; sourceTree = "<group>"; };
		95DB208B28CFA9840079D624 /* ch05.md */ = {isa = PBXFileReference; fileEncoding = 4; lastKnownFileType = net.daringfireball.markdown; path = ch05.md; sourceTree = "<group>"; };
		95DB208C28CFA9840079D624 /* ch03.md */ = {isa = PBXFileReference; fileEncoding = 4; lastKnownFileType = net.daringfireball.markdown; path = ch03.md; sourceTree = "<group>"; };
		95DB208D28CFA9840079D624 /* ch06.md */ = {isa = PBXFileReference; fileEncoding = 4; lastKnownFileType = net.daringfireball.markdown; path = ch06.md; sourceTree = "<group>"; };
		95DB208E28CFA9840079D624 /* ch04.md */ = {isa = PBXFileReference; fileEncoding = 4; lastKnownFileType = net.daringfireball.markdown; path = ch04.md; sourceTree = "<group>"; };
		95DB208F28CFA9840079D624 /* epilogue.md */ = {isa = PBXFileReference; fileEncoding = 4; lastKnownFileType = net.daringfireball.markdown; path = epilogue.md; sourceTree = "<group>"; };
		95E4F61728EC86B1009627F6 /* Caslon */ = {isa = PBXFileReference; lastKnownFileType = wrapper; name = Caslon; path = ../Caslon; sourceTree = "<group>"; };
		95E4F61B28EC8B27009627F6 /* PaintbrushScene+Solving.swift */ = {isa = PBXFileReference; lastKnownFileType = sourcecode.swift; path = "PaintbrushScene+Solving.swift"; sourceTree = "<group>"; };
		95E4F61E28EC9C61009627F6 /* Caslon Scene.sks */ = {isa = PBXFileReference; lastKnownFileType = file.sks; path = "Caslon Scene.sks"; sourceTree = "<group>"; };
		95E4F62028EC9CD9009627F6 /* CaslonScene.swift */ = {isa = PBXFileReference; lastKnownFileType = sourcecode.swift; path = CaslonScene.swift; sourceTree = "<group>"; };
		95E4F62328ECA05B009627F6 /* CaslonSceneView.swift */ = {isa = PBXFileReference; lastKnownFileType = sourcecode.swift; path = CaslonSceneView.swift; sourceTree = "<group>"; };
		95E4F62628ECAE24009627F6 /* CaslonScene+Inputs.swift */ = {isa = PBXFileReference; lastKnownFileType = sourcecode.swift; path = "CaslonScene+Inputs.swift"; sourceTree = "<group>"; };
		95E97AA928EC783400C9B71C /* PaintbrushSolverError+LocalizedError.swift */ = {isa = PBXFileReference; lastKnownFileType = sourcecode.swift; path = "PaintbrushSolverError+LocalizedError.swift"; sourceTree = "<group>"; };
		95FC94E82922BD8B00623FA1 /* GameEnvironmentPlayer.plist */ = {isa = PBXFileReference; fileEncoding = 4; lastKnownFileType = text.plist.xml; path = GameEnvironmentPlayer.plist; sourceTree = "<group>"; };
		95FC94E92922BD8B00623FA1 /* GameEnvironmentPlayer.1.png */ = {isa = PBXFileReference; lastKnownFileType = image.png; path = GameEnvironmentPlayer.1.png; sourceTree = "<group>"; };
		95FC94EE2922C30700623FA1 /* GameEnvironmentPlayerAtlas.swift */ = {isa = PBXFileReference; fileEncoding = 4; lastKnownFileType = sourcecode.swift; path = GameEnvironmentPlayerAtlas.swift; sourceTree = "<group>"; };
		95FC94F02922CECD00623FA1 /* GameEnvironmentNavigationDelegate.swift */ = {isa = PBXFileReference; lastKnownFileType = sourcecode.swift; path = GameEnvironmentNavigationDelegate.swift; sourceTree = "<group>"; };
		95FC94F22922CF3800623FA1 /* GameEnvironment+Navigation.swift */ = {isa = PBXFileReference; lastKnownFileType = sourcecode.swift; path = "GameEnvironment+Navigation.swift"; sourceTree = "<group>"; };
		95FFC8FA28EF3A2D009D1A15 /* GamePlayer.swift */ = {isa = PBXFileReference; lastKnownFileType = sourcecode.swift; path = GamePlayer.swift; sourceTree = "<group>"; };
		95FFC8FC28EF697E009D1A15 /* GameEnvironmentState.swift */ = {isa = PBXFileReference; lastKnownFileType = sourcecode.swift; path = GameEnvironmentState.swift; sourceTree = "<group>"; };
		95FFC8FE28EF740B009D1A15 /* GameEnvironment+Inputs.swift */ = {isa = PBXFileReference; lastKnownFileType = sourcecode.swift; path = "GameEnvironment+Inputs.swift"; sourceTree = "<group>"; };
/* End PBXFileReference section */

/* Begin PBXFrameworksBuildPhase section */
		950F6CC428C0EADA007ACB53 /* Frameworks */ = {
			isa = PBXFrameworksBuildPhase;
			buildActionMask = 2147483647;
			files = (
				950F635228E5D7B60018AB43 /* Algorithms in Frameworks */,
				950F6D0128C27442007ACB53 /* CranberrySprite in Frameworks */,
				95C46563292537300061CB2C /* Logging in Frameworks */,
				95E4F61928EC86BD009627F6 /* Caslon in Frameworks */,
				95AD565E28EE20B500051144 /* SKTiled in Frameworks */,
				950F6D0428C27489007ACB53 /* Bunker in Frameworks */,
				9564878D28EC756A00B4477D /* Paintbrush in Frameworks */,
			);
			runOnlyForDeploymentPostprocessing = 0;
		};
		956B604828C7B7480031794C /* Frameworks */ = {
			isa = PBXFrameworksBuildPhase;
			buildActionMask = 2147483647;
			files = (
			);
			runOnlyForDeploymentPostprocessing = 0;
		};
/* End PBXFrameworksBuildPhase section */

/* Begin PBXGroup section */
		95011E6A28C7795300E511F3 /* Extensions */ = {
			isa = PBXGroup;
			children = (
				95A9605728EB61F600F05059 /* Bundle+InfoPlist.swift */,
				95A9605528EB603700F05059 /* CGImage+Resizable.swift */,
				95011E6B28C7796900E511F3 /* FontFamily.swift */,
				95E97AA928EC783400C9B71C /* PaintbrushSolverError+LocalizedError.swift */,
				9538C70C28E7370C00D506F0 /* SKAction+ColorizeStroke.swift */,
				9553E3402926780500B6C713 /* SKAudioNode+Volume.swift */,
				9538C70828E724A500D506F0 /* SKColor+Hex.swift */,
				95C465502924336F0061CB2C /* SKLabelNode+Init.swift */,
				9538C70A28E7298200D506F0 /* SKShapeNode+Line.swift */,
				958E090B28F08695009E6AD9 /* SKTexture+URLInit.swift */,
			);
			path = Extensions;
			sourceTree = "<group>";
		};
		95069C62292C0ABB00BFD8D2 /* Delegates */ = {
			isa = PBXGroup;
			children = (
				95069C63292C0B3200BFD8D2 /* PaintbrushSceneSolvedStateDelegate.swift */,
				95069C68292C0CF400BFD8D2 /* PaintbrushSceneDelegate.swift */,
			);
			path = Delegates;
			sourceTree = "<group>";
		};
		95069C65292C0C7800BFD8D2 /* Responsibilities */ = {
			isa = PBXGroup;
			children = (
				95E4F61B28EC8B27009627F6 /* PaintbrushScene+Solving.swift */,
				95069C66292C0C9200BFD8D2 /* PaintbrushScene+PaintbrushSceneSolvedStateDelegate.swift */,
			);
			path = Responsibilities;
			sourceTree = "<group>";
		};
		950F6CB928C0EAD8007ACB53 = {
			isa = PBXGroup;
			children = (
				9564878928EC755400B4477D /* Packages */,
				95BCB92828C28330004AFDA3 /* Indexing Your Heart.entitlements */,
				95BCB92728C282E0004AFDA3 /* Indexing-Your-Heart-Info.plist */,
				95BD6CDA292D20180019D103 /* Game Flow */,
				9598462D28EC7BD6009585DA /* Bootstrap */,
				95DB208728CFA96D0079D624 /* Story Source */,
				950F6D0528C274C3007ACB53 /* Assets */,
				95AD565F28EE20F500051144 /* Environment */,
				95011E6A28C7795300E511F3 /* Extensions */,
				957593A628E33CD900012AFC /* Puzzles */,
				95BD6CDC292D21370019D103 /* Settings */,
				95E4F61D28EC9C42009627F6 /* Visual Novel */,
				950F6CF228C0EB20007ACB53 /* Platforms */,
				956B604C28C7B7480031794C /* Testbench */,
				950F6CC828C0EADA007ACB53 /* Products */,
				9564878B28EC756A00B4477D /* Frameworks */,
			);
			sourceTree = "<group>";
		};
		950F6CC828C0EADA007ACB53 /* Products */ = {
			isa = PBXGroup;
			children = (
				950F6CC728C0EADA007ACB53 /* Indexing Your Heart.app */,
				956B604B28C7B7480031794C /* Testbench.xctest */,
			);
			name = Products;
			sourceTree = "<group>";
		};
		950F6CD928C0EADA007ACB53 /* macOS */ = {
			isa = PBXGroup;
			children = (
				950F6CE128C0EADA007ACB53 /* Indexing_Your_Heart_macOS.entitlements */,
			);
			path = macOS;
			sourceTree = "<group>";
		};
		950F6CF228C0EB20007ACB53 /* Platforms */ = {
			isa = PBXGroup;
			children = (
				950F6CD928C0EADA007ACB53 /* macOS */,
			);
			name = Platforms;
			sourceTree = "<group>";
		};
		950F6CF428C13BB2007ACB53 /* Views */ = {
			isa = PBXGroup;
			children = (
			);
			path = Views;
			sourceTree = "<group>";
		};
		950F6D0528C274C3007ACB53 /* Assets */ = {
			isa = PBXGroup;
			children = (
				950F6CC228C0EADA007ACB53 /* Assets.xcassets */,
				950F6D0628C2752F007ACB53 /* Fonts */,
				956B604428C7A2270031794C /* Localizations */,
				9553E33D2926758500B6C713 /* SFX */,
				95735C18291BE7B1003947F5 /* SKActions */,
				95735C1B291C09E0003947F5 /* SpriteKit */,
				95DB207628CFA80C0079D624 /* Story */,
			);
			path = Assets;
			sourceTree = "<group>";
		};
		950F6D0628C2752F007ACB53 /* Fonts */ = {
			isa = PBXGroup;
			children = (
				95011E7228C77B9800E511F3 /* Salmon Serif 9 Regular.ttf */,
				950F6D0828C2757C007ACB53 /* Salmon Mono 9 Regular.ttf */,
				950F6D0928C2757C007ACB53 /* Salmon Sans 9 Regular.ttf */,
				95011E7028C77B1300E511F3 /* Salmon Sans 9 Bold.ttf */,
				950F6D0728C2757C007ACB53 /* Salmon Serif 9 Bold.ttf */,
			);
			path = Fonts;
			sourceTree = "<group>";
		};
		9538C6FE28E71DBD00D506F0 /* Configurations */ = {
			isa = PBXGroup;
			children = (
				9538C6FF28E71DD900D506F0 /* Stage1.json */,
			);
			path = Configurations;
			sourceTree = "<group>";
		};
		9538C70E28E7550500D506F0 /* Scenes */ = {
			isa = PBXGroup;
			children = (
				9538C70F28E7551600D506F0 /* Stage1.sks */,
			);
			path = Scenes;
			sourceTree = "<group>";
		};
		9553E33D2926758500B6C713 /* SFX */ = {
			isa = PBXGroup;
			children = (
				9553E3462926850800B6C713 /* amb_panel_presence.wav */,
				9553E3472926850800B6C713 /* amb_room_still.wav */,
				9553E3502927C5E500B6C713 /* sfx_foot_wood.wav */,
				9553E34E2926893000B6C713 /* sfx_panel_end.wav */,
				9553E3482926850800B6C713 /* sfx_panel_failure.wav */,
				9553E34C2926881400B6C713 /* sfx_panel_start.wav */,
			);
			path = SFX;
			sourceTree = "<group>";
		};
		9564878928EC755400B4477D /* Packages */ = {
			isa = PBXGroup;
			children = (
				9564878A28EC755400B4477D /* Paintbrush */,
				95E4F61728EC86B1009627F6 /* Caslon */,
			);
			name = Packages;
			sourceTree = "<group>";
		};
		9564878B28EC756A00B4477D /* Frameworks */ = {
			isa = PBXGroup;
			children = (
			);
			name = Frameworks;
			sourceTree = "<group>";
		};
		956B604428C7A2270031794C /* Localizations */ = {
			isa = PBXGroup;
			children = (
				950F6CFD28C156A6007ACB53 /* Localizable.strings */,
				956B604328C7A2200031794C /* InfoPlist.strings */,
			);
			path = Localizations;
			sourceTree = "<group>";
		};
		956B604C28C7B7480031794C /* Testbench */ = {
			isa = PBXGroup;
			children = (
				956B604D28C7B7480031794C /* Testbench.swift */,
			);
			path = Testbench;
			sourceTree = "<group>";
		};
		95735C18291BE7B1003947F5 /* SKActions */ = {
			isa = PBXGroup;
			children = (
				95735C19291BE7B1003947F5 /* TutorialSwipeAction.sks */,
			);
			name = SKActions;
			path = Assets/SKActions;
			sourceTree = SOURCE_ROOT;
		};
		95735C1B291C09E0003947F5 /* SpriteKit */ = {
			isa = PBXGroup;
			children = (
				95FC94E72922BD8B00623FA1 /* GameEnvironmentPlayer.atlasc */,
				95735C1C291C0A02003947F5 /* TutorialKeyLayout.sks */,
				95735C1E291C125F003947F5 /* TutorialTouchLayout.sks */,
				95735C22291C1F16003947F5 /* TutorialSolveKeyLayout.sks */,
				9597E1EA291D5F8B00291AFD /* PaintbrushEmitter.sks */,
				9597E1EE291D628E00291AFD /* EnvironmentBokeh.sks */,
			);
			path = SpriteKit;
			sourceTree = "<group>";
		};
		957593A628E33CD900012AFC /* Puzzles */ = {
			isa = PBXGroup;
			children = (
				95069C65292C0C7800BFD8D2 /* Responsibilities */,
				95069C62292C0ABB00BFD8D2 /* Delegates */,
				95E4F62228ECA039009627F6 /* Scene Classes */,
				95E4F61A28EC8AD2009627F6 /* Validators */,
				9538C70E28E7550500D506F0 /* Scenes */,
				9538C6FE28E71DBD00D506F0 /* Configurations */,
				9538C71128E756BE00D506F0 /* PaintbrushDemoView.swift */,
			);
			path = Puzzles;
			sourceTree = "<group>";
		};
		9598462D28EC7BD6009585DA /* Bootstrap */ = {
			isa = PBXGroup;
			children = (
				950F6CF428C13BB2007ACB53 /* Views */,
				956B604528C7A4730031794C /* AppDelegate.swift */,
				9524434928C781FB005F91E1 /* ContentView.swift */,
				950F6CFB28C13D6F007ACB53 /* Entrypoint.swift */,
				950F6CF728C13BDF007ACB53 /* GameSceneView.swift */,
			);
			path = Bootstrap;
			sourceTree = "<group>";
		};
		95AD565F28EE20F500051144 /* Environment */ = {
			isa = PBXGroup;
			children = (
				95C4654F292430890061CB2C /* Delegates */,
				95C4655A292523840061CB2C /* Responsibilities */,
				95FFC8F828EF3A00009D1A15 /* Tilesets */,
				95FFC8F528EF39DA009D1A15 /* Levels */,
				95FC94EE2922C30700623FA1 /* GameEnvironmentPlayerAtlas.swift */,
				95AD566028EE241400051144 /* GameEnvironment.swift */,
				95FFC8FA28EF3A2D009D1A15 /* GamePlayer.swift */,
				95FFC8FC28EF697E009D1A15 /* GameEnvironmentState.swift */,
				95FFC8FE28EF740B009D1A15 /* GameEnvironment+Inputs.swift */,
			);
			path = Environment;
			sourceTree = "<group>";
		};
		95BD6CDA292D20180019D103 /* Game Flow */ = {
			isa = PBXGroup;
			children = (
				958E090D28F0B1D3009E6AD9 /* GameFlow.json */,
				958E091028F0B20C009E6AD9 /* GameFlowConfiguration.swift */,
				958857B429115C5700318735 /* GameFlowViewModel.swift */,
			);
			path = "Game Flow";
			sourceTree = "<group>";
		};
		95BD6CDB292D211A0019D103 /* Responsibilities */ = {
			isa = PBXGroup;
			children = (
				95E4F62628ECAE24009627F6 /* CaslonScene+Inputs.swift */,
				95B7489128EDBA260013AFC7 /* CaslonScene+Caslon.swift */,
			);
			path = Responsibilities;
			sourceTree = "<group>";
		};
		95BD6CDC292D21370019D103 /* Settings */ = {
			isa = PBXGroup;
			children = (
				9533175B28D371E500E6E516 /* SettingsDebuggingView.swift */,
				9533175828D36A2900E6E516 /* SettingsView.swift */,
			);
			path = Settings;
			sourceTree = "<group>";
		};
		95C4654F292430890061CB2C /* Delegates */ = {
			isa = PBXGroup;
			children = (
				95FC94F02922CECD00623FA1 /* GameEnvironmentNavigationDelegate.swift */,
				95C46552292434D90061CB2C /* GameEnvironmentPuzzleDelegate.swift */,
				95C46554292436EB0061CB2C /* GameEnvironmentTutorialDelegate.swift */,
				95C46556292522180061CB2C /* GameEnvironmentCaslonDelegate.swift */,
				95C4655D292523F70061CB2C /* GameEnvironmentDelegate.swift */,
			);
			name = Delegates;
			sourceTree = "<group>";
		};
		95C4655A292523840061CB2C /* Responsibilities */ = {
			isa = PBXGroup;
			children = (
				95FC94F22922CF3800623FA1 /* GameEnvironment+Navigation.swift */,
				95C4654629241F7F0061CB2C /* GameEnvironment+Puzzles.swift */,
				95C465582925228B0061CB2C /* GameEnvironment+Caslon.swift */,
				95C4655B292523A90061CB2C /* GameEnvironment+Tutorial.swift */,
			);
			name = Responsibilities;
			sourceTree = "<group>";
		};
		95DB207628CFA80C0079D624 /* Story */ = {
			isa = PBXGroup;
			children = (
				9533176328D3787C00E6E516 /* ch01-mise-en-abyme.jenson */,
				9534015429104BC700D8268C /* ch02-ecouter-la-vague.jenson */,
				9534015829104BC700D8268C /* ch03-la-subjectif-e.jenson */,
				9534015229104BC700D8268C /* ch04-un-jeu-maladroit.jenson */,
				9534015629104BC700D8268C /* ch05-souriez-si-vous-plait.jenson */,
				9533177228D3788C00E6E516 /* ch06-les-conseils-pour-les-jeunes.jenson */,
				9534015029104BC700D8268C /* ch07-un-fete-inoubliable.jenson */,
				9533177828D3789100E6E516 /* epilogue.jenson */,
			);
			path = Story;
			sourceTree = "<group>";
		};
		95DB208728CFA96D0079D624 /* Story Source */ = {
			isa = PBXGroup;
			children = (
				95DB208928CFA9840079D624 /* ch01.md */,
				95DB208828CFA9840079D624 /* ch02.md */,
				95DB208C28CFA9840079D624 /* ch03.md */,
				95DB208E28CFA9840079D624 /* ch04.md */,
				95DB208B28CFA9840079D624 /* ch05.md */,
				95DB208D28CFA9840079D624 /* ch06.md */,
				95DB208A28CFA9840079D624 /* ch07.md */,
				95DB208F28CFA9840079D624 /* epilogue.md */,
			);
			path = "Story Source";
			sourceTree = "<group>";
		};
		95E4F61A28EC8AD2009627F6 /* Validators */ = {
			isa = PBXGroup;
			children = (
				956D7DC829142A7D004F4A3C /* Stage1t.json */,
			);
			path = Validators;
			sourceTree = "<group>";
		};
		95E4F61D28EC9C42009627F6 /* Visual Novel */ = {
			isa = PBXGroup;
			children = (
				95BD6CDB292D211A0019D103 /* Responsibilities */,
				95E4F62528ECAE10009627F6 /* Scene Classes */,
				95E4F61E28EC9C61009627F6 /* Caslon Scene.sks */,
				95E4F62328ECA05B009627F6 /* CaslonSceneView.swift */,
			);
			path = "Visual Novel";
			sourceTree = "<group>";
		};
		95E4F62228ECA039009627F6 /* Scene Classes */ = {
			isa = PBXGroup;
			children = (
				950F634828E49C380018AB43 /* PaintbrushScene.swift */,
				950F635428E62BC10018AB43 /* PaintbrushScene+Inputs.swift */,
				956D7DC42914280A004F4A3C /* PaintbrushScene+PaintbrushProtractorSolver.swift */,
			);
			path = "Scene Classes";
			sourceTree = "<group>";
		};
		95E4F62528ECAE10009627F6 /* Scene Classes */ = {
			isa = PBXGroup;
			children = (
				95E4F62028EC9CD9009627F6 /* CaslonScene.swift */,
			);
			path = "Scene Classes";
			sourceTree = "<group>";
		};
		95FC94E72922BD8B00623FA1 /* GameEnvironmentPlayer.atlasc */ = {
			isa = PBXGroup;
			children = (
				95FC94E82922BD8B00623FA1 /* GameEnvironmentPlayer.plist */,
				95FC94E92922BD8B00623FA1 /* GameEnvironmentPlayer.1.png */,
			);
			path = GameEnvironmentPlayer.atlasc;
			sourceTree = "<group>";
		};
		95FFC8F528EF39DA009D1A15 /* Levels */ = {
			isa = PBXGroup;
			children = (
				95AD566428EE246700051144 /* Stage1.tmx */,
			);
			name = Levels;
			sourceTree = "<group>";
		};
		95FFC8F828EF3A00009D1A15 /* Tilesets */ = {
			isa = PBXGroup;
			children = (
				95FFC8F928EF3A13009D1A15 /* Images */,
				95AD566228EE246700051144 /* Generic_32x32.tsx */,
				958E090728F06786009E6AD9 /* Art_32x32.tsx */,
				95AD566328EE246700051144 /* Room_Builder.tsx */,
				95B748A028EDD7FC0013AFC7 /* README.txt */,
			);
			name = Tilesets;
			sourceTree = "<group>";
		};
		95FFC8F928EF3A13009D1A15 /* Images */ = {
			isa = PBXGroup;
			children = (
				95AD566928EE25BD00051144 /* 1_Generic_32x32.png */,
				958E090928F067B0009E6AD9 /* 7_Art_32x32.png */,
				95AD566828EE25BD00051144 /* Room_Builder_32x32.png */,
			);
			name = Images;
			sourceTree = "<group>";
		};
/* End PBXGroup section */

/* Begin PBXNativeTarget section */
		950F6CC628C0EADA007ACB53 /* Indexing Your Heart */ = {
			isa = PBXNativeTarget;
			buildConfigurationList = 950F6CEC28C0EADA007ACB53 /* Build configuration list for PBXNativeTarget "Indexing Your Heart" */;
			buildPhases = (
				950F6CFA28C13D02007ACB53 /* Run SwiftLint */,
				950F6CC328C0EADA007ACB53 /* Sources */,
				950F6CC428C0EADA007ACB53 /* Frameworks */,
				950F6CC528C0EADA007ACB53 /* Resources */,
			);
			buildRules = (
			);
			dependencies = (
			);
			name = "Indexing Your Heart";
			packageProductDependencies = (
				950F6D0028C27442007ACB53 /* CranberrySprite */,
				950F6D0328C27489007ACB53 /* Bunker */,
				950F635128E5D7B60018AB43 /* Algorithms */,
				9564878C28EC756A00B4477D /* Paintbrush */,
				95E4F61828EC86BD009627F6 /* Caslon */,
				95AD565D28EE20B500051144 /* SKTiled */,
				95C46562292537300061CB2C /* Logging */,
			);
			productName = "Indexing Your Heart iOS";
			productReference = 950F6CC728C0EADA007ACB53 /* Indexing Your Heart.app */;
			productType = "com.apple.product-type.application";
		};
		956B604A28C7B7480031794C /* Testbench */ = {
			isa = PBXNativeTarget;
			buildConfigurationList = 956B605328C7B7480031794C /* Build configuration list for PBXNativeTarget "Testbench" */;
			buildPhases = (
				956B604728C7B7480031794C /* Sources */,
				956B604828C7B7480031794C /* Frameworks */,
				956B604928C7B7480031794C /* Resources */,
			);
			buildRules = (
			);
			dependencies = (
				956B605028C7B7480031794C /* PBXTargetDependency */,
			);
			name = Testbench;
			productName = Testbench;
			productReference = 956B604B28C7B7480031794C /* Testbench.xctest */;
			productType = "com.apple.product-type.bundle.unit-test";
		};
/* End PBXNativeTarget section */

/* Begin PBXProject section */
		950F6CBA28C0EAD8007ACB53 /* Project object */ = {
			isa = PBXProject;
			attributes = {
				BuildIndependentTargetsInParallel = 1;
				LastSwiftUpdateCheck = 1400;
				LastUpgradeCheck = 1410;
				TargetAttributes = {
					950F6CC628C0EADA007ACB53 = {
						CreatedOnToolsVersion = 14.0;
					};
					956B604A28C7B7480031794C = {
						CreatedOnToolsVersion = 14.0;
						TestTargetID = 950F6CC628C0EADA007ACB53;
					};
				};
			};
			buildConfigurationList = 950F6CBD28C0EAD8007ACB53 /* Build configuration list for PBXProject "Shounin" */;
			compatibilityVersion = "Xcode 14.0";
			developmentRegion = en;
			hasScannedForEncodings = 0;
			knownRegions = (
				en,
				Base,
			);
			mainGroup = 950F6CB928C0EAD8007ACB53;
			packageReferences = (
				950F6CFF28C27442007ACB53 /* XCRemoteSwiftPackageReference "cranberrysprite" */,
				950F6D0228C27489007ACB53 /* XCRemoteSwiftPackageReference "bunker" */,
				950F635028E5D7B60018AB43 /* XCRemoteSwiftPackageReference "swift-algorithms" */,
				95AD565C28EE20B500051144 /* XCRemoteSwiftPackageReference "SKTiled" */,
				95C46561292537300061CB2C /* XCRemoteSwiftPackageReference "swift-log" */,
			);
			productRefGroup = 950F6CC828C0EADA007ACB53 /* Products */;
			projectDirPath = "";
			projectRoot = "";
			targets = (
				950F6CC628C0EADA007ACB53 /* Indexing Your Heart */,
				956B604A28C7B7480031794C /* Testbench */,
			);
		};
/* End PBXProject section */

/* Begin PBXResourcesBuildPhase section */
		950F6CC528C0EADA007ACB53 /* Resources */ = {
			isa = PBXResourcesBuildPhase;
			buildActionMask = 2147483647;
			files = (
				9534015A29104BC700D8268C /* ch07-un-fete-inoubliable.jenson in Resources */,
				95AD566A28EE25BD00051144 /* Room_Builder_32x32.png in Resources */,
				95DB209228CFA9840079D624 /* ch07.md in Resources */,
				95735C1F291C125F003947F5 /* TutorialTouchLayout.sks in Resources */,
				9553E3512927C5E500B6C713 /* sfx_foot_wood.wav in Resources */,
				95FC94EB2922BD8B00623FA1 /* GameEnvironmentPlayer.1.png in Resources */,
				95E4F61F28EC9C61009627F6 /* Caslon Scene.sks in Resources */,
				95FC94EA2922BD8B00623FA1 /* GameEnvironmentPlayer.plist in Resources */,
				95011E6F28C77A4200E511F3 /* Salmon Sans 9 Regular.ttf in Resources */,
				950F6CFE28C156A6007ACB53 /* Localizable.strings in Resources */,
				95DB209028CFA9840079D624 /* ch02.md in Resources */,
				9533177028D3788C00E6E516 /* ch06-les-conseils-pour-les-jeunes.jenson in Resources */,
				956D7DC929142A7D004F4A3C /* Stage1t.json in Resources */,
				958E090E28F0B1D3009E6AD9 /* GameFlow.json in Resources */,
				9553E3492926850800B6C713 /* amb_panel_presence.wav in Resources */,
				95DB209328CFA9840079D624 /* ch05.md in Resources */,
				9533176128D3787C00E6E516 /* ch01-mise-en-abyme.jenson in Resources */,
				9597E1EF291D628E00291AFD /* EnvironmentBokeh.sks in Resources */,
				95011E7128C77B1D00E511F3 /* Salmon Sans 9 Bold.ttf in Resources */,
				95DB209728CFA9840079D624 /* epilogue.md in Resources */,
				958E090A28F067B0009E6AD9 /* 7_Art_32x32.png in Resources */,
				95AD566B28EE25BD00051144 /* 1_Generic_32x32.png in Resources */,
				9538C71028E7551600D506F0 /* Stage1.sks in Resources */,
				95735C23291C1F16003947F5 /* TutorialSolveKeyLayout.sks in Resources */,
				9538C70028E71DD900D506F0 /* Stage1.json in Resources */,
				9553E34A2926850800B6C713 /* amb_room_still.wav in Resources */,
				95DB209428CFA9840079D624 /* ch03.md in Resources */,
				95AD566528EE246700051144 /* Generic_32x32.tsx in Resources */,
				95735C1A291BE7B1003947F5 /* TutorialSwipeAction.sks in Resources */,
				95B748A128EDD7FC0013AFC7 /* README.txt in Resources */,
				95735C1D291C0A02003947F5 /* TutorialKeyLayout.sks in Resources */,
				95DB209628CFA9840079D624 /* ch04.md in Resources */,
				95DB209528CFA9840079D624 /* ch06.md in Resources */,
				95AD566728EE246700051144 /* Stage1.tmx in Resources */,
				9534015C29104BC700D8268C /* ch02-ecouter-la-vague.jenson in Resources */,
				9553E34D2926881400B6C713 /* sfx_panel_start.wav in Resources */,
				95011E6E28C77A4200E511F3 /* Salmon Mono 9 Regular.ttf in Resources */,
				9533177628D3789100E6E516 /* epilogue.jenson in Resources */,
				95DB209128CFA9840079D624 /* ch01.md in Resources */,
				95AD566628EE246700051144 /* Room_Builder.tsx in Resources */,
				95011E7328C77B9800E511F3 /* Salmon Serif 9 Regular.ttf in Resources */,
				95011E6D28C77A4200E511F3 /* Salmon Serif 9 Bold.ttf in Resources */,
				9553E34B2926850800B6C713 /* sfx_panel_failure.wav in Resources */,
				950F6CE828C0EADA007ACB53 /* Assets.xcassets in Resources */,
				958E090828F06786009E6AD9 /* Art_32x32.tsx in Resources */,
				956B604128C7A2200031794C /* InfoPlist.strings in Resources */,
				9597E1EC291D5F8B00291AFD /* PaintbrushEmitter.sks in Resources */,
				9534015D29104BC700D8268C /* ch05-souriez-si-vous-plait.jenson in Resources */,
				9553E34F2926893000B6C713 /* sfx_panel_end.wav in Resources */,
				9534015B29104BC700D8268C /* ch04-un-jeu-maladroit.jenson in Resources */,
				9534015E29104BC700D8268C /* ch03-la-subjectif-e.jenson in Resources */,
			);
			runOnlyForDeploymentPostprocessing = 0;
		};
		956B604928C7B7480031794C /* Resources */ = {
			isa = PBXResourcesBuildPhase;
			buildActionMask = 2147483647;
			files = (
			);
			runOnlyForDeploymentPostprocessing = 0;
		};
/* End PBXResourcesBuildPhase section */

/* Begin PBXShellScriptBuildPhase section */
		950F6CFA28C13D02007ACB53 /* Run SwiftLint */ = {
			isa = PBXShellScriptBuildPhase;
			alwaysOutOfDate = 1;
			buildActionMask = 2147483647;
			files = (
			);
			inputFileListPaths = (
			);
			inputPaths = (
			);
			name = "Run SwiftLint";
			outputFileListPaths = (
			);
			outputPaths = (
			);
			runOnlyForDeploymentPostprocessing = 0;
			shellPath = /bin/sh;
			shellScript = "export PATH=\"$PATH:/opt/homebrew/bin\"\nif which swiftlint >/dev/null; then\n  swiftlint ../ --config ../.swiftlint.yml\nelse\n  echo \"warning: SwiftLint not installed, download from https://github.com/realm/SwiftLint\"\nfi\n";
		};
/* End PBXShellScriptBuildPhase section */

/* Begin PBXSourcesBuildPhase section */
		950F6CC328C0EADA007ACB53 /* Sources */ = {
			isa = PBXSourcesBuildPhase;
			buildActionMask = 2147483647;
			files = (
				95FC94F32922CF3800623FA1 /* GameEnvironment+Navigation.swift in Sources */,
				95C4654729241F7F0061CB2C /* GameEnvironment+Puzzles.swift in Sources */,
				95C46553292434D90061CB2C /* GameEnvironmentPuzzleDelegate.swift in Sources */,
				95C465592925228B0061CB2C /* GameEnvironment+Caslon.swift in Sources */,
				95E4F62428ECA05C009627F6 /* CaslonSceneView.swift in Sources */,
				958E091128F0B20C009E6AD9 /* GameFlowConfiguration.swift in Sources */,
				95FFC8FB28EF3A2D009D1A15 /* GamePlayer.swift in Sources */,
				95E4F62128EC9CD9009627F6 /* CaslonScene.swift in Sources */,
				95069C69292C0CF400BFD8D2 /* PaintbrushSceneDelegate.swift in Sources */,
				9553E3412926780500B6C713 /* SKAudioNode+Volume.swift in Sources */,
				95C46557292522180061CB2C /* GameEnvironmentCaslonDelegate.swift in Sources */,
				9533175928D36A2900E6E516 /* SettingsView.swift in Sources */,
				95E97AAA28EC783400C9B71C /* PaintbrushSolverError+LocalizedError.swift in Sources */,
				9538C71228E756BE00D506F0 /* PaintbrushDemoView.swift in Sources */,
				958E090C28F08695009E6AD9 /* SKTexture+URLInit.swift in Sources */,
				956B604628C7A4730031794C /* AppDelegate.swift in Sources */,
				950F634928E49C380018AB43 /* PaintbrushScene.swift in Sources */,
				95B7489228EDBA260013AFC7 /* CaslonScene+Caslon.swift in Sources */,
				95C465512924336F0061CB2C /* SKLabelNode+Init.swift in Sources */,
				95069C64292C0B3200BFD8D2 /* PaintbrushSceneSolvedStateDelegate.swift in Sources */,
				9538C70B28E7298200D506F0 /* SKShapeNode+Line.swift in Sources */,
				9524434A28C781FB005F91E1 /* ContentView.swift in Sources */,
				95C46555292436EB0061CB2C /* GameEnvironmentTutorialDelegate.swift in Sources */,
				95A9605828EB61F600F05059 /* Bundle+InfoPlist.swift in Sources */,
				95FFC8FD28EF697E009D1A15 /* GameEnvironmentState.swift in Sources */,
				9538C70D28E7370C00D506F0 /* SKAction+ColorizeStroke.swift in Sources */,
				95C4655E292523F70061CB2C /* GameEnvironmentDelegate.swift in Sources */,
				950F635528E62BC10018AB43 /* PaintbrushScene+Inputs.swift in Sources */,
				95A9605628EB603700F05059 /* CGImage+Resizable.swift in Sources */,
				95E4F62728ECAE24009627F6 /* CaslonScene+Inputs.swift in Sources */,
				950F6CF828C13BDF007ACB53 /* GameSceneView.swift in Sources */,
				95C4655C292523A90061CB2C /* GameEnvironment+Tutorial.swift in Sources */,
				95AD566128EE241400051144 /* GameEnvironment.swift in Sources */,
				95FFC8FF28EF740B009D1A15 /* GameEnvironment+Inputs.swift in Sources */,
				95069C67292C0C9200BFD8D2 /* PaintbrushScene+PaintbrushSceneSolvedStateDelegate.swift in Sources */,
				95011E6C28C7796900E511F3 /* FontFamily.swift in Sources */,
				958857B529115C5700318735 /* GameFlowViewModel.swift in Sources */,
				956D7DC52914280A004F4A3C /* PaintbrushScene+PaintbrushProtractorSolver.swift in Sources */,
				9533175C28D371E500E6E516 /* SettingsDebuggingView.swift in Sources */,
				95E4F61C28EC8B27009627F6 /* PaintbrushScene+Solving.swift in Sources */,
				95FC94F12922CECD00623FA1 /* GameEnvironmentNavigationDelegate.swift in Sources */,
				95FC94EF2922C30700623FA1 /* GameEnvironmentPlayerAtlas.swift in Sources */,
				9538C70928E724A500D506F0 /* SKColor+Hex.swift in Sources */,
				950F6CFC28C13D6F007ACB53 /* Entrypoint.swift in Sources */,
			);
			runOnlyForDeploymentPostprocessing = 0;
		};
		956B604728C7B7480031794C /* Sources */ = {
			isa = PBXSourcesBuildPhase;
			buildActionMask = 2147483647;
			files = (
				956B604E28C7B7480031794C /* Testbench.swift in Sources */,
			);
			runOnlyForDeploymentPostprocessing = 0;
		};
/* End PBXSourcesBuildPhase section */

/* Begin PBXTargetDependency section */
		956B605028C7B7480031794C /* PBXTargetDependency */ = {
			isa = PBXTargetDependency;
			target = 950F6CC628C0EADA007ACB53 /* Indexing Your Heart */;
			targetProxy = 956B604F28C7B7480031794C /* PBXContainerItemProxy */;
		};
/* End PBXTargetDependency section */

/* Begin PBXVariantGroup section */
		9533176328D3787C00E6E516 /* ch01-mise-en-abyme.jenson */ = {
			isa = PBXVariantGroup;
			children = (
				9533176228D3787C00E6E516 /* Base */,
			);
			name = "ch01-mise-en-abyme.jenson";
			sourceTree = "<group>";
		};
		9533177228D3788C00E6E516 /* ch06-les-conseils-pour-les-jeunes.jenson */ = {
			isa = PBXVariantGroup;
			children = (
				9533177128D3788C00E6E516 /* Base */,
			);
			name = "ch06-les-conseils-pour-les-jeunes.jenson";
			sourceTree = "<group>";
		};
		9533177828D3789100E6E516 /* epilogue.jenson */ = {
			isa = PBXVariantGroup;
			children = (
				9533177728D3789100E6E516 /* Base */,
			);
			name = epilogue.jenson;
			sourceTree = "<group>";
		};
		9534015029104BC700D8268C /* ch07-un-fete-inoubliable.jenson */ = {
			isa = PBXVariantGroup;
			children = (
				9534015129104BC700D8268C /* Base */,
			);
			name = "ch07-un-fete-inoubliable.jenson";
			sourceTree = "<group>";
		};
		9534015229104BC700D8268C /* ch04-un-jeu-maladroit.jenson */ = {
			isa = PBXVariantGroup;
			children = (
				9534015329104BC700D8268C /* Base */,
			);
			name = "ch04-un-jeu-maladroit.jenson";
			sourceTree = "<group>";
		};
		9534015429104BC700D8268C /* ch02-ecouter-la-vague.jenson */ = {
			isa = PBXVariantGroup;
			children = (
				9534015529104BC700D8268C /* Base */,
			);
			name = "ch02-ecouter-la-vague.jenson";
			sourceTree = "<group>";
		};
		9534015629104BC700D8268C /* ch05-souriez-si-vous-plait.jenson */ = {
			isa = PBXVariantGroup;
			children = (
				9534015729104BC700D8268C /* Base */,
			);
			name = "ch05-souriez-si-vous-plait.jenson";
			sourceTree = "<group>";
		};
		9534015829104BC700D8268C /* ch03-la-subjectif-e.jenson */ = {
			isa = PBXVariantGroup;
			children = (
				9534015929104BC700D8268C /* Base */,
			);
			name = "ch03-la-subjectif-e.jenson";
			sourceTree = "<group>";
		};
		956B604328C7A2200031794C /* InfoPlist.strings */ = {
			isa = PBXVariantGroup;
			children = (
				956B604228C7A2200031794C /* en */,
			);
			name = InfoPlist.strings;
			sourceTree = "<group>";
		};
/* End PBXVariantGroup section */

/* Begin XCBuildConfiguration section */
		950F6CEA28C0EADA007ACB53 /* Debug */ = {
			isa = XCBuildConfiguration;
			buildSettings = {
				ALWAYS_SEARCH_USER_PATHS = NO;
				CLANG_ANALYZER_NONNULL = YES;
				CLANG_ANALYZER_NUMBER_OBJECT_CONVERSION = YES_AGGRESSIVE;
				CLANG_CXX_LANGUAGE_STANDARD = "gnu++20";
				CLANG_ENABLE_MODULES = YES;
				CLANG_ENABLE_OBJC_ARC = YES;
				CLANG_ENABLE_OBJC_WEAK = YES;
				CLANG_WARN_BLOCK_CAPTURE_AUTORELEASING = YES;
				CLANG_WARN_BOOL_CONVERSION = YES;
				CLANG_WARN_COMMA = YES;
				CLANG_WARN_CONSTANT_CONVERSION = YES;
				CLANG_WARN_DEPRECATED_OBJC_IMPLEMENTATIONS = YES;
				CLANG_WARN_DIRECT_OBJC_ISA_USAGE = YES_ERROR;
				CLANG_WARN_DOCUMENTATION_COMMENTS = YES;
				CLANG_WARN_EMPTY_BODY = YES;
				CLANG_WARN_ENUM_CONVERSION = YES;
				CLANG_WARN_INFINITE_RECURSION = YES;
				CLANG_WARN_INT_CONVERSION = YES;
				CLANG_WARN_NON_LITERAL_NULL_CONVERSION = YES;
				CLANG_WARN_OBJC_IMPLICIT_RETAIN_SELF = YES;
				CLANG_WARN_OBJC_LITERAL_CONVERSION = YES;
				CLANG_WARN_OBJC_ROOT_CLASS = YES_ERROR;
				CLANG_WARN_QUOTED_INCLUDE_IN_FRAMEWORK_HEADER = YES;
				CLANG_WARN_RANGE_LOOP_ANALYSIS = YES;
				CLANG_WARN_STRICT_PROTOTYPES = YES;
				CLANG_WARN_SUSPICIOUS_MOVE = YES;
				CLANG_WARN_UNGUARDED_AVAILABILITY = YES_AGGRESSIVE;
				CLANG_WARN_UNREACHABLE_CODE = YES;
				CLANG_WARN__DUPLICATE_METHOD_MATCH = YES;
				COPY_PHASE_STRIP = NO;
				DEAD_CODE_STRIPPING = YES;
				DEBUG_INFORMATION_FORMAT = dwarf;
				ENABLE_STRICT_OBJC_MSGSEND = YES;
				ENABLE_TESTABILITY = YES;
				GCC_C_LANGUAGE_STANDARD = gnu11;
				GCC_DYNAMIC_NO_PIC = NO;
				GCC_NO_COMMON_BLOCKS = YES;
				GCC_OPTIMIZATION_LEVEL = 0;
				GCC_PREPROCESSOR_DEFINITIONS = (
					"DEBUG=1",
					"$(inherited)",
				);
				GCC_WARN_64_TO_32_BIT_CONVERSION = YES;
				GCC_WARN_ABOUT_RETURN_TYPE = YES_ERROR;
				GCC_WARN_UNDECLARED_SELECTOR = YES;
				GCC_WARN_UNINITIALIZED_AUTOS = YES_AGGRESSIVE;
				GCC_WARN_UNUSED_FUNCTION = YES;
				GCC_WARN_UNUSED_VARIABLE = YES;
				IPHONEOS_DEPLOYMENT_TARGET = 16.0;
				MACOSX_DEPLOYMENT_TARGET = 13.0;
				MTL_ENABLE_DEBUG_INFO = INCLUDE_SOURCE;
				MTL_FAST_MATH = YES;
				ONLY_ACTIVE_ARCH = YES;
				SWIFT_ACTIVE_COMPILATION_CONDITIONS = DEBUG;
				SWIFT_OPTIMIZATION_LEVEL = "-Onone";
			};
			name = Debug;
		};
		950F6CEB28C0EADA007ACB53 /* Release */ = {
			isa = XCBuildConfiguration;
			buildSettings = {
				ALWAYS_SEARCH_USER_PATHS = NO;
				CLANG_ANALYZER_NONNULL = YES;
				CLANG_ANALYZER_NUMBER_OBJECT_CONVERSION = YES_AGGRESSIVE;
				CLANG_CXX_LANGUAGE_STANDARD = "gnu++20";
				CLANG_ENABLE_MODULES = YES;
				CLANG_ENABLE_OBJC_ARC = YES;
				CLANG_ENABLE_OBJC_WEAK = YES;
				CLANG_WARN_BLOCK_CAPTURE_AUTORELEASING = YES;
				CLANG_WARN_BOOL_CONVERSION = YES;
				CLANG_WARN_COMMA = YES;
				CLANG_WARN_CONSTANT_CONVERSION = YES;
				CLANG_WARN_DEPRECATED_OBJC_IMPLEMENTATIONS = YES;
				CLANG_WARN_DIRECT_OBJC_ISA_USAGE = YES_ERROR;
				CLANG_WARN_DOCUMENTATION_COMMENTS = YES;
				CLANG_WARN_EMPTY_BODY = YES;
				CLANG_WARN_ENUM_CONVERSION = YES;
				CLANG_WARN_INFINITE_RECURSION = YES;
				CLANG_WARN_INT_CONVERSION = YES;
				CLANG_WARN_NON_LITERAL_NULL_CONVERSION = YES;
				CLANG_WARN_OBJC_IMPLICIT_RETAIN_SELF = YES;
				CLANG_WARN_OBJC_LITERAL_CONVERSION = YES;
				CLANG_WARN_OBJC_ROOT_CLASS = YES_ERROR;
				CLANG_WARN_QUOTED_INCLUDE_IN_FRAMEWORK_HEADER = YES;
				CLANG_WARN_RANGE_LOOP_ANALYSIS = YES;
				CLANG_WARN_STRICT_PROTOTYPES = YES;
				CLANG_WARN_SUSPICIOUS_MOVE = YES;
				CLANG_WARN_UNGUARDED_AVAILABILITY = YES_AGGRESSIVE;
				CLANG_WARN_UNREACHABLE_CODE = YES;
				CLANG_WARN__DUPLICATE_METHOD_MATCH = YES;
				COPY_PHASE_STRIP = NO;
				DEAD_CODE_STRIPPING = YES;
				DEBUG_INFORMATION_FORMAT = "dwarf-with-dsym";
				ENABLE_NS_ASSERTIONS = NO;
				ENABLE_STRICT_OBJC_MSGSEND = YES;
				GCC_C_LANGUAGE_STANDARD = gnu11;
				GCC_NO_COMMON_BLOCKS = YES;
				GCC_WARN_64_TO_32_BIT_CONVERSION = YES;
				GCC_WARN_ABOUT_RETURN_TYPE = YES_ERROR;
				GCC_WARN_UNDECLARED_SELECTOR = YES;
				GCC_WARN_UNINITIALIZED_AUTOS = YES_AGGRESSIVE;
				GCC_WARN_UNUSED_FUNCTION = YES;
				GCC_WARN_UNUSED_VARIABLE = YES;
				IPHONEOS_DEPLOYMENT_TARGET = 16.0;
				MACOSX_DEPLOYMENT_TARGET = 13.0;
				MTL_ENABLE_DEBUG_INFO = NO;
				MTL_FAST_MATH = YES;
				SWIFT_COMPILATION_MODE = wholemodule;
				SWIFT_OPTIMIZATION_LEVEL = "-O";
			};
			name = Release;
		};
		950F6CED28C0EADA007ACB53 /* Debug */ = {
			isa = XCBuildConfiguration;
			buildSettings = {
				ASSETCATALOG_COMPILER_APPICON_NAME = AppIcon;
				ASSETCATALOG_COMPILER_GLOBAL_ACCENT_COLOR_NAME = AccentColor;
				CODE_SIGN_ENTITLEMENTS = "Indexing Your Heart.entitlements";
				CODE_SIGN_IDENTITY = "Apple Development";
				CODE_SIGN_STYLE = Automatic;
				CURRENT_PROJECT_VERSION = 5;
				DEVELOPMENT_TEAM = FQQXSP79X3;
				GENERATE_INFOPLIST_FILE = YES;
				INFOPLIST_FILE = "Indexing-Your-Heart-Info.plist";
				INFOPLIST_KEY_CFBundleDisplayName = "Indexing Your Heart";
				INFOPLIST_KEY_LSApplicationCategoryType = "public.app-category.puzzle-games";
				INFOPLIST_KEY_NSHumanReadableCopyright = general.copyright;
				INFOPLIST_KEY_UIApplicationSupportsIndirectInputEvents = YES;
				INFOPLIST_KEY_UILaunchStoryboardName = LaunchScreen;
				INFOPLIST_KEY_UIMainStoryboardFile = "";
				INFOPLIST_KEY_UIRequiresFullScreen = YES;
				INFOPLIST_KEY_UIStatusBarHidden = YES;
				INFOPLIST_KEY_UIStatusBarStyle = UIStatusBarStyleDarkContent;
				INFOPLIST_KEY_UISupportedInterfaceOrientations = "UIInterfaceOrientationLandscapeLeft UIInterfaceOrientationLandscapeRight";
				INFOPLIST_KEY_UISupportsDocumentBrowser = NO;
				IPHONEOS_DEPLOYMENT_TARGET = 16.0;
				LD_RUNPATH_SEARCH_PATHS = (
					"$(inherited)",
					"@executable_path/Frameworks",
				);
				MARKETING_VERSION = 1.0;
				PNT_RECORD_OUTPUT = YES;
				PRODUCT_BUNDLE_IDENTIFIER = art.indexingyourhe.game;
				PRODUCT_NAME = "Indexing Your Heart";
				PROVISIONING_PROFILE_SPECIFIER = "";
				SDKROOT = iphoneos;
				SUPPORTED_PLATFORMS = "iphoneos iphonesimulator macosx";
				SUPPORTS_MACCATALYST = NO;
				SUPPORTS_MAC_DESIGNED_FOR_IPHONE_IPAD = NO;
				SWIFT_EMIT_LOC_STRINGS = YES;
				SWIFT_VERSION = 5.0;
				TARGETED_DEVICE_FAMILY = "1,2";
			};
			name = Debug;
		};
		950F6CEE28C0EADA007ACB53 /* Release */ = {
			isa = XCBuildConfiguration;
			buildSettings = {
				ASSETCATALOG_COMPILER_APPICON_NAME = AppIcon;
				ASSETCATALOG_COMPILER_GLOBAL_ACCENT_COLOR_NAME = AccentColor;
				CODE_SIGN_ENTITLEMENTS = "Indexing Your Heart.entitlements";
				CODE_SIGN_IDENTITY = "Apple Development";
				CODE_SIGN_STYLE = Automatic;
				CURRENT_PROJECT_VERSION = 5;
				DEVELOPMENT_TEAM = FQQXSP79X3;
				GENERATE_INFOPLIST_FILE = YES;
				INFOPLIST_FILE = "Indexing-Your-Heart-Info.plist";
				INFOPLIST_KEY_CFBundleDisplayName = "Indexing Your Heart";
				INFOPLIST_KEY_LSApplicationCategoryType = "public.app-category.puzzle-games";
				INFOPLIST_KEY_NSHumanReadableCopyright = general.copyright;
				INFOPLIST_KEY_UIApplicationSupportsIndirectInputEvents = YES;
				INFOPLIST_KEY_UILaunchStoryboardName = LaunchScreen;
				INFOPLIST_KEY_UIMainStoryboardFile = "";
				INFOPLIST_KEY_UIRequiresFullScreen = YES;
				INFOPLIST_KEY_UIStatusBarHidden = YES;
				INFOPLIST_KEY_UIStatusBarStyle = UIStatusBarStyleDarkContent;
				INFOPLIST_KEY_UISupportedInterfaceOrientations = "UIInterfaceOrientationLandscapeLeft UIInterfaceOrientationLandscapeRight";
				INFOPLIST_KEY_UISupportsDocumentBrowser = NO;
				IPHONEOS_DEPLOYMENT_TARGET = 16.0;
				LD_RUNPATH_SEARCH_PATHS = (
					"$(inherited)",
					"@executable_path/Frameworks",
				);
				MARKETING_VERSION = 1.0;
				PNT_RECORD_OUTPUT = NO;
				PRODUCT_BUNDLE_IDENTIFIER = art.indexingyourhe.game;
				PRODUCT_NAME = "Indexing Your Heart";
				PROVISIONING_PROFILE_SPECIFIER = "";
				SDKROOT = iphoneos;
				SUPPORTED_PLATFORMS = "iphoneos iphonesimulator macosx";
				SUPPORTS_MACCATALYST = NO;
				SUPPORTS_MAC_DESIGNED_FOR_IPHONE_IPAD = NO;
				SWIFT_EMIT_LOC_STRINGS = YES;
				SWIFT_VERSION = 5.0;
				TARGETED_DEVICE_FAMILY = "1,2";
				VALIDATE_PRODUCT = YES;
			};
			name = Release;
		};
		956B605128C7B7480031794C /* Debug */ = {
			isa = XCBuildConfiguration;
			buildSettings = {
				BUNDLE_LOADER = "$(TEST_HOST)";
				CODE_SIGN_STYLE = Automatic;
				CURRENT_PROJECT_VERSION = 1;
				DEVELOPMENT_TEAM = N4K7Y69MC5;
				GENERATE_INFOPLIST_FILE = YES;
				MARKETING_VERSION = 1.0;
				PRODUCT_BUNDLE_IDENTIFIER = art.indexingyourhe.Testbench;
				PRODUCT_NAME = "$(TARGET_NAME)";
				SDKROOT = iphoneos;
				SUPPORTED_PLATFORMS = "iphoneos iphonesimulator";
				SUPPORTS_MACCATALYST = NO;
				SUPPORTS_MAC_DESIGNED_FOR_IPHONE_IPAD = NO;
				SWIFT_EMIT_LOC_STRINGS = NO;
				SWIFT_VERSION = 5.0;
				TARGETED_DEVICE_FAMILY = "1,2";
				TEST_HOST = "$(BUILT_PRODUCTS_DIR)/Indexing Your Heart.app/Indexing Your Heart";
			};
			name = Debug;
		};
		956B605228C7B7480031794C /* Release */ = {
			isa = XCBuildConfiguration;
			buildSettings = {
				BUNDLE_LOADER = "$(TEST_HOST)";
				CODE_SIGN_STYLE = Automatic;
				CURRENT_PROJECT_VERSION = 1;
				DEVELOPMENT_TEAM = N4K7Y69MC5;
				GENERATE_INFOPLIST_FILE = YES;
				MARKETING_VERSION = 1.0;
				PRODUCT_BUNDLE_IDENTIFIER = art.indexingyourhe.Testbench;
				PRODUCT_NAME = "$(TARGET_NAME)";
				SDKROOT = iphoneos;
				SUPPORTED_PLATFORMS = "iphoneos iphonesimulator";
				SUPPORTS_MACCATALYST = NO;
				SUPPORTS_MAC_DESIGNED_FOR_IPHONE_IPAD = NO;
				SWIFT_EMIT_LOC_STRINGS = NO;
				SWIFT_VERSION = 5.0;
				TARGETED_DEVICE_FAMILY = "1,2";
				TEST_HOST = "$(BUILT_PRODUCTS_DIR)/Indexing Your Heart.app/Indexing Your Heart";
				VALIDATE_PRODUCT = YES;
			};
			name = Release;
		};
/* End XCBuildConfiguration section */

/* Begin XCConfigurationList section */
		950F6CBD28C0EAD8007ACB53 /* Build configuration list for PBXProject "Shounin" */ = {
			isa = XCConfigurationList;
			buildConfigurations = (
				950F6CEA28C0EADA007ACB53 /* Debug */,
				950F6CEB28C0EADA007ACB53 /* Release */,
			);
			defaultConfigurationIsVisible = 0;
			defaultConfigurationName = Release;
		};
		950F6CEC28C0EADA007ACB53 /* Build configuration list for PBXNativeTarget "Indexing Your Heart" */ = {
			isa = XCConfigurationList;
			buildConfigurations = (
				950F6CED28C0EADA007ACB53 /* Debug */,
				950F6CEE28C0EADA007ACB53 /* Release */,
			);
			defaultConfigurationIsVisible = 0;
			defaultConfigurationName = Release;
		};
		956B605328C7B7480031794C /* Build configuration list for PBXNativeTarget "Testbench" */ = {
			isa = XCConfigurationList;
			buildConfigurations = (
				956B605128C7B7480031794C /* Debug */,
				956B605228C7B7480031794C /* Release */,
			);
			defaultConfigurationIsVisible = 0;
			defaultConfigurationName = Release;
		};
/* End XCConfigurationList section */

/* Begin XCRemoteSwiftPackageReference section */
		950F635028E5D7B60018AB43 /* XCRemoteSwiftPackageReference "swift-algorithms" */ = {
			isa = XCRemoteSwiftPackageReference;
			repositoryURL = "https://github.com/apple/swift-algorithms.git";
			requirement = {
				kind = upToNextMajorVersion;
				minimumVersion = 1.0.0;
			};
		};
		950F6CFF28C27442007ACB53 /* XCRemoteSwiftPackageReference "cranberrysprite" */ = {
			isa = XCRemoteSwiftPackageReference;
			repositoryURL = "https://github.com/alicerunsonfedora/cranberrysprite";
			requirement = {
				branch = root;
				kind = branch;
			};
		};
		950F6D0228C27489007ACB53 /* XCRemoteSwiftPackageReference "bunker" */ = {
			isa = XCRemoteSwiftPackageReference;
			repositoryURL = "https://github.com/alicerunsonfedora/bunker.git";
			requirement = {
				branch = root;
				kind = branch;
			};
		};
		95AD565C28EE20B500051144 /* XCRemoteSwiftPackageReference "SKTiled" */ = {
			isa = XCRemoteSwiftPackageReference;
			repositoryURL = "https://github.com/mfessenden/SKTiled";
			requirement = {
				kind = upToNextMajorVersion;
				minimumVersion = 1.0.0;
			};
		};
		95C46561292537300061CB2C /* XCRemoteSwiftPackageReference "swift-log" */ = {
			isa = XCRemoteSwiftPackageReference;
			repositoryURL = "https://github.com/apple/swift-log";
			requirement = {
				kind = upToNextMajorVersion;
				minimumVersion = 1.0.0;
			};
		};
/* End XCRemoteSwiftPackageReference section */

/* Begin XCSwiftPackageProductDependency section */
		950F635128E5D7B60018AB43 /* Algorithms */ = {
			isa = XCSwiftPackageProductDependency;
			package = 950F635028E5D7B60018AB43 /* XCRemoteSwiftPackageReference "swift-algorithms" */;
			productName = Algorithms;
		};
		950F6D0028C27442007ACB53 /* CranberrySprite */ = {
			isa = XCSwiftPackageProductDependency;
			package = 950F6CFF28C27442007ACB53 /* XCRemoteSwiftPackageReference "cranberrysprite" */;
			productName = CranberrySprite;
		};
		950F6D0328C27489007ACB53 /* Bunker */ = {
			isa = XCSwiftPackageProductDependency;
			package = 950F6D0228C27489007ACB53 /* XCRemoteSwiftPackageReference "bunker" */;
			productName = Bunker;
		};
		9564878C28EC756A00B4477D /* Paintbrush */ = {
			isa = XCSwiftPackageProductDependency;
			productName = Paintbrush;
		};
		95AD565D28EE20B500051144 /* SKTiled */ = {
			isa = XCSwiftPackageProductDependency;
			package = 95AD565C28EE20B500051144 /* XCRemoteSwiftPackageReference "SKTiled" */;
			productName = SKTiled;
		};
		95C46562292537300061CB2C /* Logging */ = {
			isa = XCSwiftPackageProductDependency;
			package = 95C46561292537300061CB2C /* XCRemoteSwiftPackageReference "swift-log" */;
			productName = Logging;
		};
		95E4F61828EC86BD009627F6 /* Caslon */ = {
			isa = XCSwiftPackageProductDependency;
			productName = Caslon;
		};
/* End XCSwiftPackageProductDependency section */
	};
	rootObject = 950F6CBA28C0EAD8007ACB53 /* Project object */;
}
