{
  "pins" : [
    {
      "identity" : "jensonkit",
      "kind" : "remoteSourceControl",
      "location" : "https://gitlab.com/Indexing-Your-Heart/core-dependencies/JensonKit",
      "state" : {
        "branch" : "root",
        "revision" : "b43391d788468fd5ee4f02d035b58bd6038256f6"
      }
    },
    {
      "identity" : "swift-log",
      "kind" : "remoteSourceControl",
      "location" : "https://github.com/apple/swift-log.git",
      "state" : {
        "revision" : "532d8b529501fb73a2455b179e0bbb6d49b652ed",
        "version" : "1.5.3"
      }
    },
    {
      "identity" : "swift-syntax",
      "kind" : "remoteSourceControl",
      "location" : "https://github.com/apple/swift-syntax.git",
      "state" : {
        "revision" : "74203046135342e4a4a627476dd6caf8b28fe11b",
        "version" : "509.0.0"
      }
    }
  ],
  "version" : 2
}
